// !$*UTF8*$!
{
	archiveVersion = 1;
	classes = {
	};
	objectVersion = 46;
	objects = {

/* Begin PBXBuildFile section */
		2342864816B89B1C00F05F6F /* Default-568h@2x.png in Resources */ = {isa = PBXBuildFile; fileRef = 2342864516B89B1C00F05F6F /* Default-568h@2x.png */; };
		2342864916B89B1C00F05F6F /* Default.png in Resources */ = {isa = PBXBuildFile; fileRef = 2342864616B89B1C00F05F6F /* Default.png */; };
		2342864A16B89B1C00F05F6F /* Default@2x.png in Resources */ = {isa = PBXBuildFile; fileRef = 2342864716B89B1C00F05F6F /* Default@2x.png */; };
		2342865316B89D5E00F05F6F /* HomeViewController.m in Sources */ = {isa = PBXBuildFile; fileRef = 2342865016B89D5E00F05F6F /* HomeViewController.m */; };
		2342865416B89D5E00F05F6F /* NovelasViewController.m in Sources */ = {isa = PBXBuildFile; fileRef = 2342865216B89D5E00F05F6F /* NovelasViewController.m */; };
		2342865A16B89DAE00F05F6F /* first.png in Resources */ = {isa = PBXBuildFile; fileRef = 2342865616B89DAE00F05F6F /* first.png */; };
		2342865B16B89DAE00F05F6F /* first@2x.png in Resources */ = {isa = PBXBuildFile; fileRef = 2342865716B89DAE00F05F6F /* first@2x.png */; };
		2342865C16B89DAE00F05F6F /* second.png in Resources */ = {isa = PBXBuildFile; fileRef = 2342865816B89DAE00F05F6F /* second.png */; };
		2342865D16B89DAE00F05F6F /* second@2x.png in Resources */ = {isa = PBXBuildFile; fileRef = 2342865916B89DAE00F05F6F /* second@2x.png */; };
		39E2DAD816BA00C500665601 /* bg_cork.png in Resources */ = {isa = PBXBuildFile; fileRef = 39E2DAC416BA00C400665601 /* bg_cork.png */; };
		39E2DAD916BA00C500665601 /* bg_cork@2x.png in Resources */ = {isa = PBXBuildFile; fileRef = 39E2DAC516BA00C400665601 /* bg_cork@2x.png */; };
		39E2DADA16BA00C500665601 /* button.png in Resources */ = {isa = PBXBuildFile; fileRef = 39E2DAC616BA00C400665601 /* button.png */; };
		39E2DADB16BA00C500665601 /* button@2x.png in Resources */ = {isa = PBXBuildFile; fileRef = 39E2DAC716BA00C400665601 /* button@2x.png */; };
		39E2DADC16BA00C500665601 /* decoration_snail.png in Resources */ = {isa = PBXBuildFile; fileRef = 39E2DAC816BA00C400665601 /* decoration_snail.png */; };
		39E2DADD16BA00C500665601 /* decoration_snail@2x.png in Resources */ = {isa = PBXBuildFile; fileRef = 39E2DAC916BA00C400665601 /* decoration_snail@2x.png */; };
		39E2DADE16BA00C500665601 /* divider_bar.png in Resources */ = {isa = PBXBuildFile; fileRef = 39E2DACA16BA00C400665601 /* divider_bar.png */; };
		39E2DADF16BA00C500665601 /* divider_bar@2x.png in Resources */ = {isa = PBXBuildFile; fileRef = 39E2DACB16BA00C400665601 /* divider_bar@2x.png */; };
		39E2DAE016BA00C500665601 /* header_bg.png in Resources */ = {isa = PBXBuildFile; fileRef = 39E2DACC16BA00C400665601 /* header_bg.png */; };
		39E2DAE116BA00C500665601 /* header_bg@2x.png in Resources */ = {isa = PBXBuildFile; fileRef = 39E2DACD16BA00C400665601 /* header_bg@2x.png */; };
		39E2DAE216BA00C500665601 /* navbar.png in Resources */ = {isa = PBXBuildFile; fileRef = 39E2DACE16BA00C400665601 /* navbar.png */; };
		39E2DAE316BA00C500665601 /* navbar@2x.png in Resources */ = {isa = PBXBuildFile; fileRef = 39E2DACF16BA00C400665601 /* navbar@2x.png */; };
		39E2DAE416BA00C500665601 /* polaroid1_border.png in Resources */ = {isa = PBXBuildFile; fileRef = 39E2DAD016BA00C400665601 /* polaroid1_border.png */; };
		39E2DAE516BA00C500665601 /* polaroid1_border@2x.png in Resources */ = {isa = PBXBuildFile; fileRef = 39E2DAD116BA00C500665601 /* polaroid1_border@2x.png */; };
		39E2DAE616BA00C500665601 /* pushpin.png in Resources */ = {isa = PBXBuildFile; fileRef = 39E2DAD216BA00C500665601 /* pushpin.png */; };
		39E2DAE716BA00C500665601 /* pushpin@2x.png in Resources */ = {isa = PBXBuildFile; fileRef = 39E2DAD316BA00C500665601 /* pushpin@2x.png */; };
		39E2DAE816BA00C500665601 /* search_field.png in Resources */ = {isa = PBXBuildFile; fileRef = 39E2DAD416BA00C500665601 /* search_field.png */; };
		39E2DAE916BA00C500665601 /* search_field@2x.png in Resources */ = {isa = PBXBuildFile; fileRef = 39E2DAD516BA00C500665601 /* search_field@2x.png */; };
		39E2DAEA16BA00C500665601 /* search_text.png in Resources */ = {isa = PBXBuildFile; fileRef = 39E2DAD616BA00C500665601 /* search_text.png */; };
		39E2DAEB16BA00C500665601 /* search_text@2x.png in Resources */ = {isa = PBXBuildFile; fileRef = 39E2DAD716BA00C500665601 /* search_text@2x.png */; };
		39E652FF16B74F7D00A5A37C /* UIKit.framework in Frameworks */ = {isa = PBXBuildFile; fileRef = 39E652FE16B74F7D00A5A37C /* UIKit.framework */; };
		39E6530116B74F7D00A5A37C /* Foundation.framework in Frameworks */ = {isa = PBXBuildFile; fileRef = 39E6530016B74F7D00A5A37C /* Foundation.framework */; };
		39E6530316B74F7D00A5A37C /* CoreGraphics.framework in Frameworks */ = {isa = PBXBuildFile; fileRef = 39E6530216B74F7D00A5A37C /* CoreGraphics.framework */; };
		39E6530916B74F7D00A5A37C /* InfoPlist.strings in Resources */ = {isa = PBXBuildFile; fileRef = 39E6530716B74F7D00A5A37C /* InfoPlist.strings */; };
		39E6530B16B74F7D00A5A37C /* main.m in Sources */ = {isa = PBXBuildFile; fileRef = 39E6530A16B74F7D00A5A37C /* main.m */; };
		39E6530F16B74F7D00A5A37C /* AppDelegate.m in Sources */ = {isa = PBXBuildFile; fileRef = 39E6530E16B74F7D00A5A37C /* AppDelegate.m */; };
		39E6531816B74F7D00A5A37C /* MainStoryboard_iPhone.storyboard in Resources */ = {isa = PBXBuildFile; fileRef = 39E6531616B74F7D00A5A37C /* MainStoryboard_iPhone.storyboard */; };
		39E6531B16B74F7D00A5A37C /* MainStoryboard_iPad.storyboard in Resources */ = {isa = PBXBuildFile; fileRef = 39E6531916B74F7D00A5A37C /* MainStoryboard_iPad.storyboard */; };
		CE985BBF16B8B5D900AEB045 /* NewsViewController.m in Sources */ = {isa = PBXBuildFile; fileRef = CE985BBE16B8B5D900AEB045 /* NewsViewController.m */; };
		CED4A68516BB4D3800269A5C /* NewsModel.m in Sources */ = {isa = PBXBuildFile; fileRef = CED4A68416BB4D3800269A5C /* NewsModel.m */; };
		CED4A68816BB4DC000269A5C /* NewsModel+Parse.m in Sources */ = {isa = PBXBuildFile; fileRef = CED4A68716BB4DC000269A5C /* NewsModel+Parse.m */; };
		CED4A68B16BB4F2A00269A5C /* NSString+HTML.m in Sources */ = {isa = PBXBuildFile; fileRef = CED4A68A16BB4F2A00269A5C /* NSString+HTML.m */; };
		CED4A6E716BB514D00269A5C /* ActiveRecord.m in Sources */ = {isa = PBXBuildFile; fileRef = CED4A68E16BB514D00269A5C /* ActiveRecord.m */; settings = {COMPILER_FLAGS = "-fno-objc-arc -w"; }; };
		CED4A6E816BB514D00269A5C /* ARBaseRelationship.m in Sources */ = {isa = PBXBuildFile; fileRef = CED4A69116BB514D00269A5C /* ARBaseRelationship.m */; settings = {COMPILER_FLAGS = "-fno-objc-arc -w"; }; };
		CED4A6E916BB514D00269A5C /* ARColumn.m in Sources */ = {isa = PBXBuildFile; fileRef = CED4A69316BB514D00269A5C /* ARColumn.m */; settings = {COMPILER_FLAGS = "-fno-objc-arc -w"; }; };
		CED4A6EA16BB514D00269A5C /* ARDatabaseManager.m in Sources */ = {isa = PBXBuildFile; fileRef = CED4A69616BB514D00269A5C /* ARDatabaseManager.m */; settings = {COMPILER_FLAGS = "-fno-objc-arc -w"; }; };
		CED4A6EB16BB514D00269A5C /* ARError.m in Sources */ = {isa = PBXBuildFile; fileRef = CED4A69916BB514D00269A5C /* ARError.m */; settings = {COMPILER_FLAGS = "-fno-objc-arc -w"; }; };
		CED4A6EC16BB514D00269A5C /* ARException.m in Sources */ = {isa = PBXBuildFile; fileRef = CED4A69C16BB514D00269A5C /* ARException.m */; settings = {COMPILER_FLAGS = "-fno-objc-arc -w"; }; };
		CED4A6ED16BB514D00269A5C /* ARLazyFetcher.m in Sources */ = {isa = PBXBuildFile; fileRef = CED4A69F16BB514D00269A5C /* ARLazyFetcher.m */; settings = {COMPILER_FLAGS = "-fno-objc-arc -w"; }; };
		CED4A6EE16BB514D00269A5C /* ARRelationBelongsTo.m in Sources */ = {isa = PBXBuildFile; fileRef = CED4A6A316BB514D00269A5C /* ARRelationBelongsTo.m */; settings = {COMPILER_FLAGS = "-fno-objc-arc -w"; }; };
		CED4A6EF16BB514D00269A5C /* ARRelationHasMany.m in Sources */ = {isa = PBXBuildFile; fileRef = CED4A6A516BB514D00269A5C /* ARRelationHasMany.m */; settings = {COMPILER_FLAGS = "-fno-objc-arc -w"; }; };
		CED4A6F016BB514D00269A5C /* ARRelationHasManyThrough.m in Sources */ = {isa = PBXBuildFile; fileRef = CED4A6A716BB514D00269A5C /* ARRelationHasManyThrough.m */; settings = {COMPILER_FLAGS = "-fno-objc-arc -w"; }; };
		CED4A6F116BB514D00269A5C /* ARSchemaManager.m in Sources */ = {isa = PBXBuildFile; fileRef = CED4A6AB16BB514D00269A5C /* ARSchemaManager.m */; settings = {COMPILER_FLAGS = "-fno-objc-arc -w"; }; };
		CED4A6F216BB514D00269A5C /* ARSQLBuilder.m in Sources */ = {isa = PBXBuildFile; fileRef = CED4A6AD16BB514D00269A5C /* ARSQLBuilder.m */; settings = {COMPILER_FLAGS = "-fno-objc-arc -w"; }; };
		CED4A6F316BB514D00269A5C /* ARValidation.m in Sources */ = {isa = PBXBuildFile; fileRef = CED4A6AF16BB514D00269A5C /* ARValidation.m */; settings = {COMPILER_FLAGS = "-fno-objc-arc -w"; }; };
		CED4A6F416BB514D00269A5C /* ARValidator.m in Sources */ = {isa = PBXBuildFile; fileRef = CED4A6B216BB514D00269A5C /* ARValidator.m */; settings = {COMPILER_FLAGS = "-fno-objc-arc -w"; }; };
		CED4A6F516BB514D00269A5C /* ARValidatorPresence.m in Sources */ = {isa = PBXBuildFile; fileRef = CED4A6B416BB514D00269A5C /* ARValidatorPresence.m */; settings = {COMPILER_FLAGS = "-fno-objc-arc -w"; }; };
		CED4A6F616BB514D00269A5C /* ARValidatorUniqueness.m in Sources */ = {isa = PBXBuildFile; fileRef = CED4A6B716BB514D00269A5C /* ARValidatorUniqueness.m */; settings = {COMPILER_FLAGS = "-fno-objc-arc -w"; }; };
		CED4A6F716BB514D00269A5C /* sqlite3_unicode.c in Sources */ = {isa = PBXBuildFile; fileRef = CED4A6BA16BB514D00269A5C /* sqlite3_unicode.c */; settings = {COMPILER_FLAGS = "-fno-objc-arc -w"; }; };
		CED4A6F816BB514D00269A5C /* InfoPlist.strings in Resources */ = {isa = PBXBuildFile; fileRef = CED4A6BC16BB514D00269A5C /* InfoPlist.strings */; };
		CED4A6F916BB514D00269A5C /* iActiveRecord-Info.plist in Resources */ = {isa = PBXBuildFile; fileRef = CED4A6BE16BB514D00269A5C /* iActiveRecord-Info.plist */; };
		CED4A6FA16BB514D00269A5C /* NSArray+objectsAccessors.m in Sources */ = {isa = PBXBuildFile; fileRef = CED4A6C116BB514D00269A5C /* NSArray+objectsAccessors.m */; settings = {COMPILER_FLAGS = "-fno-objc-arc -w"; }; };
		CED4A6FB16BB514D00269A5C /* NSArray+toSql.m in Sources */ = {isa = PBXBuildFile; fileRef = CED4A6C316BB514D00269A5C /* NSArray+toSql.m */; settings = {COMPILER_FLAGS = "-fno-objc-arc -w"; }; };
		CED4A6FC16BB514D00269A5C /* NSData+Base64.m in Sources */ = {isa = PBXBuildFile; fileRef = CED4A6C516BB514D00269A5C /* NSData+Base64.m */; settings = {COMPILER_FLAGS = "-fno-objc-arc -w"; }; };
		CED4A6FD16BB514D00269A5C /* NSData+isPresented.m in Sources */ = {isa = PBXBuildFile; fileRef = CED4A6C716BB514D00269A5C /* NSData+isPresented.m */; settings = {COMPILER_FLAGS = "-fno-objc-arc -w"; }; };
		CED4A6FE16BB514D00269A5C /* NSData+sqlRepresentation.m in Sources */ = {isa = PBXBuildFile; fileRef = CED4A6C916BB514D00269A5C /* NSData+sqlRepresentation.m */; settings = {COMPILER_FLAGS = "-fno-objc-arc -w"; }; };
		CED4A6FF16BB514D00269A5C /* NSDate+isPresented.m in Sources */ = {isa = PBXBuildFile; fileRef = CED4A6CB16BB514D00269A5C /* NSDate+isPresented.m */; settings = {COMPILER_FLAGS = "-fno-objc-arc -w"; }; };
		CED4A70016BB514D00269A5C /* NSDate+sqlRepresentation.m in Sources */ = {isa = PBXBuildFile; fileRef = CED4A6CD16BB514D00269A5C /* NSDate+sqlRepresentation.m */; settings = {COMPILER_FLAGS = "-fno-objc-arc -w"; }; };
		CED4A70116BB514D00269A5C /* NSDecimalNumber+isPresented.m in Sources */ = {isa = PBXBuildFile; fileRef = CED4A6CF16BB514D00269A5C /* NSDecimalNumber+isPresented.m */; settings = {COMPILER_FLAGS = "-fno-objc-arc -w"; }; };
		CED4A70216BB514D00269A5C /* NSDecimalNumber+sqlRepresentation.m in Sources */ = {isa = PBXBuildFile; fileRef = CED4A6D116BB514D00269A5C /* NSDecimalNumber+sqlRepresentation.m */; settings = {COMPILER_FLAGS = "-fno-objc-arc -w"; }; };
		CED4A70316BB514D00269A5C /* NSMutableDictionary+valueToArray.m in Sources */ = {isa = PBXBuildFile; fileRef = CED4A6D316BB514D00269A5C /* NSMutableDictionary+valueToArray.m */; settings = {COMPILER_FLAGS = "-fno-objc-arc -w"; }; };
		CED4A70416BB514D00269A5C /* NSNumber+isPresented.m in Sources */ = {isa = PBXBuildFile; fileRef = CED4A6D516BB514D00269A5C /* NSNumber+isPresented.m */; settings = {COMPILER_FLAGS = "-fno-objc-arc -w"; }; };
		CED4A70516BB514D00269A5C /* NSNumber+sqlRepresentation.m in Sources */ = {isa = PBXBuildFile; fileRef = CED4A6D716BB514D00269A5C /* NSNumber+sqlRepresentation.m */; settings = {COMPILER_FLAGS = "-fno-objc-arc -w"; }; };
		CED4A70616BB514D00269A5C /* NSSet+toSql.m in Sources */ = {isa = PBXBuildFile; fileRef = CED4A6D916BB514D00269A5C /* NSSet+toSql.m */; settings = {COMPILER_FLAGS = "-fno-objc-arc -w"; }; };
		CED4A70716BB514D00269A5C /* NSString+isPresented.m in Sources */ = {isa = PBXBuildFile; fileRef = CED4A6DB16BB514D00269A5C /* NSString+isPresented.m */; settings = {COMPILER_FLAGS = "-fno-objc-arc -w"; }; };
		CED4A70816BB514D00269A5C /* NSString+lowercaseFirst.m in Sources */ = {isa = PBXBuildFile; fileRef = CED4A6DD16BB514D00269A5C /* NSString+lowercaseFirst.m */; settings = {COMPILER_FLAGS = "-fno-objc-arc -w"; }; };
		CED4A70916BB514D00269A5C /* NSString+quotedString.m in Sources */ = {isa = PBXBuildFile; fileRef = CED4A6DF16BB514D00269A5C /* NSString+quotedString.m */; settings = {COMPILER_FLAGS = "-fno-objc-arc -w"; }; };
		CED4A70A16BB514D00269A5C /* NSString+sqlRepresentation.m in Sources */ = {isa = PBXBuildFile; fileRef = CED4A6E116BB514D00269A5C /* NSString+sqlRepresentation.m */; settings = {COMPILER_FLAGS = "-fno-objc-arc -w"; }; };
		CED4A70B16BB514D00269A5C /* NSString+stringWithEscapedQuote.m in Sources */ = {isa = PBXBuildFile; fileRef = CED4A6E316BB514D00269A5C /* NSString+stringWithEscapedQuote.m */; settings = {COMPILER_FLAGS = "-fno-objc-arc -w"; }; };
		CED4A70C16BB514D00269A5C /* NSString+uppercaseFirst.m in Sources */ = {isa = PBXBuildFile; fileRef = CED4A6E516BB514D00269A5C /* NSString+uppercaseFirst.m */; settings = {COMPILER_FLAGS = "-fno-objc-arc -w"; }; };
		CED4A70D16BB514D00269A5C /* octocat.png in Resources */ = {isa = PBXBuildFile; fileRef = CED4A6E616BB514D00269A5C /* octocat.png */; };
		CED4A71016BB554D00269A5C /* QuartzCore.framework in Frameworks */ = {isa = PBXBuildFile; fileRef = CED4A70E16BB553300269A5C /* QuartzCore.framework */; };
		CED4A71316BB57DD00269A5C /* libsqlite3.0.dylib in Frameworks */ = {isa = PBXBuildFile; fileRef = CED4A71116BB57C800269A5C /* libsqlite3.0.dylib */; };
		CEEB6D1F16B9F370004C8A8C /* EmissoraModel.m in Sources */ = {isa = PBXBuildFile; fileRef = CEEB6D1E16B9F370004C8A8C /* EmissoraModel.m */; };
		CEEB6D2216B9F47F004C8A8C /* EmissoraModel+Parse.m in Sources */ = {isa = PBXBuildFile; fileRef = CEEB6D2116B9F47F004C8A8C /* EmissoraModel+Parse.m */; };
		CEEB6D2516B9F797004C8A8C /* NovelaModel.m in Sources */ = {isa = PBXBuildFile; fileRef = CEEB6D2416B9F797004C8A8C /* NovelaModel.m */; };
		CEEB6D2816B9F7AF004C8A8C /* NovelaModel+Parse.m in Sources */ = {isa = PBXBuildFile; fileRef = CEEB6D2716B9F7AF004C8A8C /* NovelaModel+Parse.m */; };
		CEEB6D5016BA0E44004C8A8C /* EGOCache.m in Sources */ = {isa = PBXBuildFile; fileRef = CEEB6D2B16BA0E44004C8A8C /* EGOCache.m */; };
		CEEB6D5116BA0E44004C8A8C /* README.mdown in Resources */ = {isa = PBXBuildFile; fileRef = CEEB6D2C16BA0E44004C8A8C /* README.mdown */; };
		CEEB6D5216BA0E44004C8A8C /* libGoogleAdMobAds.a in Frameworks */ = {isa = PBXBuildFile; fileRef = CEEB6D3716BA0E44004C8A8C /* libGoogleAdMobAds.a */; };
		CEEB6D5316BA0E44004C8A8C /* README.txt in Resources */ = {isa = PBXBuildFile; fileRef = CEEB6D3816BA0E44004C8A8C /* README.txt */; };
		CEEB6D5416BA0E44004C8A8C /* libGoogleAnalytics.a in Frameworks */ = {isa = PBXBuildFile; fileRef = CEEB6D3F16BA0E44004C8A8C /* libGoogleAnalytics.a */; };
		CEEB6D5516BA0E44004C8A8C /* libGoogleAnalytics_debug.a in Frameworks */ = {isa = PBXBuildFile; fileRef = CEEB6D4016BA0E44004C8A8C /* libGoogleAnalytics_debug.a */; };
		CEEB6D5616BA0E44004C8A8C /* CHANGELOG.md in Resources */ = {isa = PBXBuildFile; fileRef = CEEB6D4216BA0E44004C8A8C /* CHANGELOG.md */; };
		CEEB6D5716BA0E44004C8A8C /* JSONKit.m in Sources */ = {isa = PBXBuildFile; fileRef = CEEB6D4416BA0E44004C8A8C /* JSONKit.m */; settings = {COMPILER_FLAGS = "-fno-objc-arc -w"; }; };
		CEEB6D5816BA0E44004C8A8C /* README.md in Resources */ = {isa = PBXBuildFile; fileRef = CEEB6D4516BA0E44004C8A8C /* README.md */; };
		CEEB6D5916BA0E44004C8A8C /* NSDate+HumanInterval.m in Sources */ = {isa = PBXBuildFile; fileRef = CEEB6D4816BA0E44004C8A8C /* NSDate+HumanInterval.m */; };
		CEEB6D5A16BA0E44004C8A8C /* NSString+MD5.m in Sources */ = {isa = PBXBuildFile; fileRef = CEEB6D4B16BA0E44004C8A8C /* NSString+MD5.m */; settings = {COMPILER_FLAGS = "-fno-objc-arc -w"; }; };
		CEEB6D5B16BA0E44004C8A8C /* README.txt in Resources */ = {isa = PBXBuildFile; fileRef = CEEB6D4C16BA0E44004C8A8C /* README.txt */; };
		CEEB6D5C16BA0E44004C8A8C /* YQL.m in Sources */ = {isa = PBXBuildFile; fileRef = CEEB6D4F16BA0E44004C8A8C /* YQL.m */; };
/* End PBXBuildFile section */

/* Begin PBXFileReference section */
		2342864516B89B1C00F05F6F /* Default-568h@2x.png */ = {isa = PBXFileReference; lastKnownFileType = image.png; path = "Default-568h@2x.png"; sourceTree = "<group>"; };
		2342864616B89B1C00F05F6F /* Default.png */ = {isa = PBXFileReference; lastKnownFileType = image.png; path = Default.png; sourceTree = "<group>"; };
		2342864716B89B1C00F05F6F /* Default@2x.png */ = {isa = PBXFileReference; lastKnownFileType = image.png; path = "Default@2x.png"; sourceTree = "<group>"; };
		2342864F16B89D5E00F05F6F /* HomeViewController.h */ = {isa = PBXFileReference; fileEncoding = 4; lastKnownFileType = sourcecode.c.h; path = HomeViewController.h; sourceTree = "<group>"; };
		2342865016B89D5E00F05F6F /* HomeViewController.m */ = {isa = PBXFileReference; fileEncoding = 4; lastKnownFileType = sourcecode.c.objc; path = HomeViewController.m; sourceTree = "<group>"; };
		2342865116B89D5E00F05F6F /* NovelasViewController.h */ = {isa = PBXFileReference; fileEncoding = 4; lastKnownFileType = sourcecode.c.h; path = NovelasViewController.h; sourceTree = "<group>"; };
		2342865216B89D5E00F05F6F /* NovelasViewController.m */ = {isa = PBXFileReference; fileEncoding = 4; lastKnownFileType = sourcecode.c.objc; path = NovelasViewController.m; sourceTree = "<group>"; };
		2342865616B89DAE00F05F6F /* first.png */ = {isa = PBXFileReference; lastKnownFileType = image.png; path = first.png; sourceTree = "<group>"; };
		2342865716B89DAE00F05F6F /* first@2x.png */ = {isa = PBXFileReference; lastKnownFileType = image.png; path = "first@2x.png"; sourceTree = "<group>"; };
		2342865816B89DAE00F05F6F /* second.png */ = {isa = PBXFileReference; lastKnownFileType = image.png; path = second.png; sourceTree = "<group>"; };
		2342865916B89DAE00F05F6F /* second@2x.png */ = {isa = PBXFileReference; lastKnownFileType = image.png; path = "second@2x.png"; sourceTree = "<group>"; };
		39DE229B16BB4D690044C315 /* FlickPhotoCell.h */ = {isa = PBXFileReference; fileEncoding = 4; lastKnownFileType = sourcecode.c.h; path = FlickPhotoCell.h; sourceTree = "<group>"; };
		39DE229C16BB4D690044C315 /* FlickPhotoCell.m */ = {isa = PBXFileReference; fileEncoding = 4; lastKnownFileType = sourcecode.c.objc; path = FlickPhotoCell.m; sourceTree = "<group>"; };
		39E2DAC416BA00C400665601 /* bg_cork.png */ = {isa = PBXFileReference; lastKnownFileType = image.png; path = bg_cork.png; sourceTree = "<group>"; };
		39E2DAC516BA00C400665601 /* bg_cork@2x.png */ = {isa = PBXFileReference; lastKnownFileType = image.png; path = "bg_cork@2x.png"; sourceTree = "<group>"; };
		39E2DAC616BA00C400665601 /* button.png */ = {isa = PBXFileReference; lastKnownFileType = image.png; path = button.png; sourceTree = "<group>"; };
		39E2DAC716BA00C400665601 /* button@2x.png */ = {isa = PBXFileReference; lastKnownFileType = image.png; path = "button@2x.png"; sourceTree = "<group>"; };
		39E2DAC816BA00C400665601 /* decoration_snail.png */ = {isa = PBXFileReference; lastKnownFileType = image.png; path = decoration_snail.png; sourceTree = "<group>"; };
		39E2DAC916BA00C400665601 /* decoration_snail@2x.png */ = {isa = PBXFileReference; lastKnownFileType = image.png; path = "decoration_snail@2x.png"; sourceTree = "<group>"; };
		39E2DACA16BA00C400665601 /* divider_bar.png */ = {isa = PBXFileReference; lastKnownFileType = image.png; path = divider_bar.png; sourceTree = "<group>"; };
		39E2DACB16BA00C400665601 /* divider_bar@2x.png */ = {isa = PBXFileReference; lastKnownFileType = image.png; path = "divider_bar@2x.png"; sourceTree = "<group>"; };
		39E2DACC16BA00C400665601 /* header_bg.png */ = {isa = PBXFileReference; lastKnownFileType = image.png; path = header_bg.png; sourceTree = "<group>"; };
		39E2DACD16BA00C400665601 /* header_bg@2x.png */ = {isa = PBXFileReference; lastKnownFileType = image.png; path = "header_bg@2x.png"; sourceTree = "<group>"; };
		39E2DACE16BA00C400665601 /* navbar.png */ = {isa = PBXFileReference; lastKnownFileType = image.png; path = navbar.png; sourceTree = "<group>"; };
		39E2DACF16BA00C400665601 /* navbar@2x.png */ = {isa = PBXFileReference; lastKnownFileType = image.png; path = "navbar@2x.png"; sourceTree = "<group>"; };
		39E2DAD016BA00C400665601 /* polaroid1_border.png */ = {isa = PBXFileReference; lastKnownFileType = image.png; path = polaroid1_border.png; sourceTree = "<group>"; };
		39E2DAD116BA00C500665601 /* polaroid1_border@2x.png */ = {isa = PBXFileReference; lastKnownFileType = image.png; path = "polaroid1_border@2x.png"; sourceTree = "<group>"; };
		39E2DAD216BA00C500665601 /* pushpin.png */ = {isa = PBXFileReference; lastKnownFileType = image.png; path = pushpin.png; sourceTree = "<group>"; };
		39E2DAD316BA00C500665601 /* pushpin@2x.png */ = {isa = PBXFileReference; lastKnownFileType = image.png; path = "pushpin@2x.png"; sourceTree = "<group>"; };
		39E2DAD416BA00C500665601 /* search_field.png */ = {isa = PBXFileReference; lastKnownFileType = image.png; path = search_field.png; sourceTree = "<group>"; };
		39E2DAD516BA00C500665601 /* search_field@2x.png */ = {isa = PBXFileReference; lastKnownFileType = image.png; path = "search_field@2x.png"; sourceTree = "<group>"; };
		39E2DAD616BA00C500665601 /* search_text.png */ = {isa = PBXFileReference; lastKnownFileType = image.png; path = search_text.png; sourceTree = "<group>"; };
		39E2DAD716BA00C500665601 /* search_text@2x.png */ = {isa = PBXFileReference; lastKnownFileType = image.png; path = "search_text@2x.png"; sourceTree = "<group>"; };
		39E2DAEC16BA014600665601 /* FotogaleriaViewController.h */ = {isa = PBXFileReference; fileEncoding = 4; lastKnownFileType = sourcecode.c.h; path = FotogaleriaViewController.h; sourceTree = "<group>"; };
		39E2DAED16BA014600665601 /* FotogaleriaViewController.m */ = {isa = PBXFileReference; fileEncoding = 4; lastKnownFileType = sourcecode.c.objc; path = FotogaleriaViewController.m; sourceTree = "<group>"; };
		39E2DAFD16BA0A1A00665601 /* Flickr.h */ = {isa = PBXFileReference; fileEncoding = 4; lastKnownFileType = sourcecode.c.h; path = Flickr.h; sourceTree = "<group>"; };
		39E2DAFE16BA0A1A00665601 /* Flickr.m */ = {isa = PBXFileReference; fileEncoding = 4; lastKnownFileType = sourcecode.c.objc; path = Flickr.m; sourceTree = "<group>"; };
		39E2DAFF16BA0A1A00665601 /* FlickrPhoto.h */ = {isa = PBXFileReference; fileEncoding = 4; lastKnownFileType = sourcecode.c.h; path = FlickrPhoto.h; sourceTree = "<group>"; };
		39E2DB0016BA0A1A00665601 /* FlickrPhoto.m */ = {isa = PBXFileReference; fileEncoding = 4; lastKnownFileType = sourcecode.c.objc; path = FlickrPhoto.m; sourceTree = "<group>"; };
		39E652FA16B74F7D00A5A37C /* Fofoca.app */ = {isa = PBXFileReference; explicitFileType = wrapper.application; includeInIndex = 0; path = Fofoca.app; sourceTree = BUILT_PRODUCTS_DIR; };
		39E652FE16B74F7D00A5A37C /* UIKit.framework */ = {isa = PBXFileReference; lastKnownFileType = wrapper.framework; name = UIKit.framework; path = System/Library/Frameworks/UIKit.framework; sourceTree = SDKROOT; };
		39E6530016B74F7D00A5A37C /* Foundation.framework */ = {isa = PBXFileReference; lastKnownFileType = wrapper.framework; name = Foundation.framework; path = System/Library/Frameworks/Foundation.framework; sourceTree = SDKROOT; };
		39E6530216B74F7D00A5A37C /* CoreGraphics.framework */ = {isa = PBXFileReference; lastKnownFileType = wrapper.framework; name = CoreGraphics.framework; path = System/Library/Frameworks/CoreGraphics.framework; sourceTree = SDKROOT; };
		39E6530616B74F7D00A5A37C /* Fofoca-Info.plist */ = {isa = PBXFileReference; lastKnownFileType = text.plist.xml; path = "Fofoca-Info.plist"; sourceTree = "<group>"; };
		39E6530816B74F7D00A5A37C /* en */ = {isa = PBXFileReference; lastKnownFileType = text.plist.strings; name = en; path = en.lproj/InfoPlist.strings; sourceTree = "<group>"; };
		39E6530A16B74F7D00A5A37C /* main.m */ = {isa = PBXFileReference; lastKnownFileType = sourcecode.c.objc; path = main.m; sourceTree = "<group>"; };
		39E6530C16B74F7D00A5A37C /* Fofoca-Prefix.pch */ = {isa = PBXFileReference; lastKnownFileType = sourcecode.c.h; path = "Fofoca-Prefix.pch"; sourceTree = "<group>"; };
		39E6530D16B74F7D00A5A37C /* AppDelegate.h */ = {isa = PBXFileReference; lastKnownFileType = sourcecode.c.h; path = AppDelegate.h; sourceTree = "<group>"; };
		39E6530E16B74F7D00A5A37C /* AppDelegate.m */ = {isa = PBXFileReference; lastKnownFileType = sourcecode.c.objc; path = AppDelegate.m; sourceTree = "<group>"; };
		39E6531716B74F7D00A5A37C /* en */ = {isa = PBXFileReference; lastKnownFileType = file.storyboard; name = en; path = en.lproj/MainStoryboard_iPhone.storyboard; sourceTree = "<group>"; };
		39E6531A16B74F7D00A5A37C /* en */ = {isa = PBXFileReference; lastKnownFileType = file.storyboard; name = en; path = en.lproj/MainStoryboard_iPad.storyboard; sourceTree = "<group>"; };
		CE985BBB16B8A78000AEB045 /* Global.h */ = {isa = PBXFileReference; lastKnownFileType = sourcecode.c.h; path = Global.h; sourceTree = "<group>"; };
		CE985BBD16B8B5D900AEB045 /* NewsViewController.h */ = {isa = PBXFileReference; fileEncoding = 4; lastKnownFileType = sourcecode.c.h; path = NewsViewController.h; sourceTree = "<group>"; };
		CE985BBE16B8B5D900AEB045 /* NewsViewController.m */ = {isa = PBXFileReference; fileEncoding = 4; lastKnownFileType = sourcecode.c.objc; path = NewsViewController.m; sourceTree = "<group>"; };
		CED4A68316BB4D3800269A5C /* NewsModel.h */ = {isa = PBXFileReference; fileEncoding = 4; lastKnownFileType = sourcecode.c.h; path = NewsModel.h; sourceTree = "<group>"; };
		CED4A68416BB4D3800269A5C /* NewsModel.m */ = {isa = PBXFileReference; fileEncoding = 4; lastKnownFileType = sourcecode.c.objc; path = NewsModel.m; sourceTree = "<group>"; };
		CED4A68616BB4DC000269A5C /* NewsModel+Parse.h */ = {isa = PBXFileReference; fileEncoding = 4; lastKnownFileType = sourcecode.c.h; path = "NewsModel+Parse.h"; sourceTree = "<group>"; };
		CED4A68716BB4DC000269A5C /* NewsModel+Parse.m */ = {isa = PBXFileReference; fileEncoding = 4; lastKnownFileType = sourcecode.c.objc; path = "NewsModel+Parse.m"; sourceTree = "<group>"; };
		CED4A68916BB4F2A00269A5C /* NSString+HTML.h */ = {isa = PBXFileReference; fileEncoding = 4; lastKnownFileType = sourcecode.c.h; path = "NSString+HTML.h"; sourceTree = "<group>"; };
		CED4A68A16BB4F2A00269A5C /* NSString+HTML.m */ = {isa = PBXFileReference; fileEncoding = 4; lastKnownFileType = sourcecode.c.objc; path = "NSString+HTML.m"; sourceTree = "<group>"; };
		CED4A68D16BB514D00269A5C /* ActiveRecord.h */ = {isa = PBXFileReference; fileEncoding = 4; lastKnownFileType = sourcecode.c.h; path = ActiveRecord.h; sourceTree = "<group>"; };
		CED4A68E16BB514D00269A5C /* ActiveRecord.m */ = {isa = PBXFileReference; fileEncoding = 4; lastKnownFileType = sourcecode.c.objc; path = ActiveRecord.m; sourceTree = "<group>"; };
		CED4A68F16BB514D00269A5C /* ActiveRecord_Private.h */ = {isa = PBXFileReference; fileEncoding = 4; lastKnownFileType = sourcecode.c.h; path = ActiveRecord_Private.h; sourceTree = "<group>"; };
		CED4A69016BB514D00269A5C /* ARBaseRelationship.h */ = {isa = PBXFileReference; fileEncoding = 4; lastKnownFileType = sourcecode.c.h; path = ARBaseRelationship.h; sourceTree = "<group>"; };
		CED4A69116BB514D00269A5C /* ARBaseRelationship.m */ = {isa = PBXFileReference; fileEncoding = 4; lastKnownFileType = sourcecode.c.objc; path = ARBaseRelationship.m; sourceTree = "<group>"; };
		CED4A69216BB514D00269A5C /* ARColumn.h */ = {isa = PBXFileReference; fileEncoding = 4; lastKnownFileType = sourcecode.c.h; path = ARColumn.h; sourceTree = "<group>"; };
		CED4A69316BB514D00269A5C /* ARColumn.m */ = {isa = PBXFileReference; fileEncoding = 4; lastKnownFileType = sourcecode.c.objc; path = ARColumn.m; sourceTree = "<group>"; };
		CED4A69416BB514D00269A5C /* ARColumn_Private.h */ = {isa = PBXFileReference; fileEncoding = 4; lastKnownFileType = sourcecode.c.h; path = ARColumn_Private.h; sourceTree = "<group>"; };
		CED4A69516BB514D00269A5C /* ARDatabaseManager.h */ = {isa = PBXFileReference; fileEncoding = 4; lastKnownFileType = sourcecode.c.h; path = ARDatabaseManager.h; sourceTree = "<group>"; };
		CED4A69616BB514D00269A5C /* ARDatabaseManager.m */ = {isa = PBXFileReference; fileEncoding = 4; lastKnownFileType = sourcecode.c.objc; path = ARDatabaseManager.m; sourceTree = "<group>"; };
		CED4A69716BB514D00269A5C /* AREnum.h */ = {isa = PBXFileReference; fileEncoding = 4; lastKnownFileType = sourcecode.c.h; path = AREnum.h; sourceTree = "<group>"; };
		CED4A69816BB514D00269A5C /* ARError.h */ = {isa = PBXFileReference; fileEncoding = 4; lastKnownFileType = sourcecode.c.h; path = ARError.h; sourceTree = "<group>"; };
		CED4A69916BB514D00269A5C /* ARError.m */ = {isa = PBXFileReference; fileEncoding = 4; lastKnownFileType = sourcecode.c.objc; path = ARError.m; sourceTree = "<group>"; };
		CED4A69A16BB514D00269A5C /* ARErrorHelper.h */ = {isa = PBXFileReference; fileEncoding = 4; lastKnownFileType = sourcecode.c.h; path = ARErrorHelper.h; sourceTree = "<group>"; };
		CED4A69B16BB514D00269A5C /* ARException.h */ = {isa = PBXFileReference; fileEncoding = 4; lastKnownFileType = sourcecode.c.h; path = ARException.h; sourceTree = "<group>"; };
		CED4A69C16BB514D00269A5C /* ARException.m */ = {isa = PBXFileReference; fileEncoding = 4; lastKnownFileType = sourcecode.c.objc; path = ARException.m; sourceTree = "<group>"; };
		CED4A69D16BB514D00269A5C /* ARIndicesMacroHelper.h */ = {isa = PBXFileReference; fileEncoding = 4; lastKnownFileType = sourcecode.c.h; path = ARIndicesMacroHelper.h; sourceTree = "<group>"; };
		CED4A69E16BB514D00269A5C /* ARLazyFetcher.h */ = {isa = PBXFileReference; fileEncoding = 4; lastKnownFileType = sourcecode.c.h; path = ARLazyFetcher.h; sourceTree = "<group>"; };
		CED4A69F16BB514D00269A5C /* ARLazyFetcher.m */ = {isa = PBXFileReference; fileEncoding = 4; lastKnownFileType = sourcecode.c.objc; path = ARLazyFetcher.m; sourceTree = "<group>"; };
		CED4A6A016BB514D00269A5C /* ARLazyFetcher_Private.h */ = {isa = PBXFileReference; fileEncoding = 4; lastKnownFileType = sourcecode.c.h; path = ARLazyFetcher_Private.h; sourceTree = "<group>"; };
		CED4A6A116BB514D00269A5C /* ARPropertyType.h */ = {isa = PBXFileReference; fileEncoding = 4; lastKnownFileType = sourcecode.c.h; path = ARPropertyType.h; sourceTree = "<group>"; };
		CED4A6A216BB514D00269A5C /* ARRelationBelongsTo.h */ = {isa = PBXFileReference; fileEncoding = 4; lastKnownFileType = sourcecode.c.h; path = ARRelationBelongsTo.h; sourceTree = "<group>"; };
		CED4A6A316BB514D00269A5C /* ARRelationBelongsTo.m */ = {isa = PBXFileReference; fileEncoding = 4; lastKnownFileType = sourcecode.c.objc; path = ARRelationBelongsTo.m; sourceTree = "<group>"; };
		CED4A6A416BB514D00269A5C /* ARRelationHasMany.h */ = {isa = PBXFileReference; fileEncoding = 4; lastKnownFileType = sourcecode.c.h; path = ARRelationHasMany.h; sourceTree = "<group>"; };
		CED4A6A516BB514D00269A5C /* ARRelationHasMany.m */ = {isa = PBXFileReference; fileEncoding = 4; lastKnownFileType = sourcecode.c.objc; path = ARRelationHasMany.m; sourceTree = "<group>"; };
		CED4A6A616BB514D00269A5C /* ARRelationHasManyThrough.h */ = {isa = PBXFileReference; fileEncoding = 4; lastKnownFileType = sourcecode.c.h; path = ARRelationHasManyThrough.h; sourceTree = "<group>"; };
		CED4A6A716BB514D00269A5C /* ARRelationHasManyThrough.m */ = {isa = PBXFileReference; fileEncoding = 4; lastKnownFileType = sourcecode.c.objc; path = ARRelationHasManyThrough.m; sourceTree = "<group>"; };
		CED4A6A816BB514D00269A5C /* ARRelationshipsHelper.h */ = {isa = PBXFileReference; fileEncoding = 4; lastKnownFileType = sourcecode.c.h; path = ARRelationshipsHelper.h; sourceTree = "<group>"; };
		CED4A6A916BB514D00269A5C /* ARRepresentationProtocol.h */ = {isa = PBXFileReference; fileEncoding = 4; lastKnownFileType = sourcecode.c.h; path = ARRepresentationProtocol.h; sourceTree = "<group>"; };
		CED4A6AA16BB514D00269A5C /* ARSchemaManager.h */ = {isa = PBXFileReference; fileEncoding = 4; lastKnownFileType = sourcecode.c.h; path = ARSchemaManager.h; sourceTree = "<group>"; };
		CED4A6AB16BB514D00269A5C /* ARSchemaManager.m */ = {isa = PBXFileReference; fileEncoding = 4; lastKnownFileType = sourcecode.c.objc; path = ARSchemaManager.m; sourceTree = "<group>"; };
		CED4A6AC16BB514D00269A5C /* ARSQLBuilder.h */ = {isa = PBXFileReference; fileEncoding = 4; lastKnownFileType = sourcecode.c.h; path = ARSQLBuilder.h; sourceTree = "<group>"; };
		CED4A6AD16BB514D00269A5C /* ARSQLBuilder.m */ = {isa = PBXFileReference; fileEncoding = 4; lastKnownFileType = sourcecode.c.objc; path = ARSQLBuilder.m; sourceTree = "<group>"; };
		CED4A6AE16BB514D00269A5C /* ARValidation.h */ = {isa = PBXFileReference; fileEncoding = 4; lastKnownFileType = sourcecode.c.h; path = ARValidation.h; sourceTree = "<group>"; };
		CED4A6AF16BB514D00269A5C /* ARValidation.m */ = {isa = PBXFileReference; fileEncoding = 4; lastKnownFileType = sourcecode.c.objc; path = ARValidation.m; sourceTree = "<group>"; };
		CED4A6B016BB514D00269A5C /* ARValidationsHelper.h */ = {isa = PBXFileReference; fileEncoding = 4; lastKnownFileType = sourcecode.c.h; path = ARValidationsHelper.h; sourceTree = "<group>"; };
		CED4A6B116BB514D00269A5C /* ARValidator.h */ = {isa = PBXFileReference; fileEncoding = 4; lastKnownFileType = sourcecode.c.h; path = ARValidator.h; sourceTree = "<group>"; };
		CED4A6B216BB514D00269A5C /* ARValidator.m */ = {isa = PBXFileReference; fileEncoding = 4; lastKnownFileType = sourcecode.c.objc; path = ARValidator.m; sourceTree = "<group>"; };
		CED4A6B316BB514D00269A5C /* ARValidatorPresence.h */ = {isa = PBXFileReference; fileEncoding = 4; lastKnownFileType = sourcecode.c.h; path = ARValidatorPresence.h; sourceTree = "<group>"; };
		CED4A6B416BB514D00269A5C /* ARValidatorPresence.m */ = {isa = PBXFileReference; fileEncoding = 4; lastKnownFileType = sourcecode.c.objc; path = ARValidatorPresence.m; sourceTree = "<group>"; };
		CED4A6B516BB514D00269A5C /* ARValidatorProtocol.h */ = {isa = PBXFileReference; fileEncoding = 4; lastKnownFileType = sourcecode.c.h; path = ARValidatorProtocol.h; sourceTree = "<group>"; };
		CED4A6B616BB514D00269A5C /* ARValidatorUniqueness.h */ = {isa = PBXFileReference; fileEncoding = 4; lastKnownFileType = sourcecode.c.h; path = ARValidatorUniqueness.h; sourceTree = "<group>"; };
		CED4A6B716BB514D00269A5C /* ARValidatorUniqueness.m */ = {isa = PBXFileReference; fileEncoding = 4; lastKnownFileType = sourcecode.c.objc; path = ARValidatorUniqueness.m; sourceTree = "<group>"; };
		CED4A6B816BB514D00269A5C /* class_getSubclasses.h */ = {isa = PBXFileReference; fileEncoding = 4; lastKnownFileType = sourcecode.c.h; path = class_getSubclasses.h; sourceTree = "<group>"; };
		CED4A6BA16BB514D00269A5C /* sqlite3_unicode.c */ = {isa = PBXFileReference; fileEncoding = 4; lastKnownFileType = sourcecode.c.c; path = sqlite3_unicode.c; sourceTree = "<group>"; };
		CED4A6BB16BB514D00269A5C /* sqlite3_unicode.h */ = {isa = PBXFileReference; fileEncoding = 4; lastKnownFileType = sourcecode.c.h; path = sqlite3_unicode.h; sourceTree = "<group>"; };
		CED4A6BD16BB514D00269A5C /* en */ = {isa = PBXFileReference; lastKnownFileType = text.plist.strings; name = en; path = en.lproj/InfoPlist.strings; sourceTree = "<group>"; };
		CED4A6BE16BB514D00269A5C /* iActiveRecord-Info.plist */ = {isa = PBXFileReference; fileEncoding = 4; lastKnownFileType = text.plist.xml; path = "iActiveRecord-Info.plist"; sourceTree = "<group>"; };
		CED4A6BF16BB514D00269A5C /* iActiveRecord-Prefix.pch */ = {isa = PBXFileReference; fileEncoding = 4; lastKnownFileType = sourcecode.c.h; path = "iActiveRecord-Prefix.pch"; sourceTree = "<group>"; };
		CED4A6C016BB514D00269A5C /* NSArray+objectsAccessors.h */ = {isa = PBXFileReference; fileEncoding = 4; lastKnownFileType = sourcecode.c.h; path = "NSArray+objectsAccessors.h"; sourceTree = "<group>"; };
		CED4A6C116BB514D00269A5C /* NSArray+objectsAccessors.m */ = {isa = PBXFileReference; fileEncoding = 4; lastKnownFileType = sourcecode.c.objc; path = "NSArray+objectsAccessors.m"; sourceTree = "<group>"; };
		CED4A6C216BB514D00269A5C /* NSArray+toSql.h */ = {isa = PBXFileReference; fileEncoding = 4; lastKnownFileType = sourcecode.c.h; path = "NSArray+toSql.h"; sourceTree = "<group>"; };
		CED4A6C316BB514D00269A5C /* NSArray+toSql.m */ = {isa = PBXFileReference; fileEncoding = 4; lastKnownFileType = sourcecode.c.objc; path = "NSArray+toSql.m"; sourceTree = "<group>"; };
		CED4A6C416BB514D00269A5C /* NSData+Base64.h */ = {isa = PBXFileReference; fileEncoding = 4; lastKnownFileType = sourcecode.c.h; path = "NSData+Base64.h"; sourceTree = "<group>"; };
		CED4A6C516BB514D00269A5C /* NSData+Base64.m */ = {isa = PBXFileReference; fileEncoding = 4; lastKnownFileType = sourcecode.c.objc; path = "NSData+Base64.m"; sourceTree = "<group>"; };
		CED4A6C616BB514D00269A5C /* NSData+isPresented.h */ = {isa = PBXFileReference; fileEncoding = 4; lastKnownFileType = sourcecode.c.h; path = "NSData+isPresented.h"; sourceTree = "<group>"; };
		CED4A6C716BB514D00269A5C /* NSData+isPresented.m */ = {isa = PBXFileReference; fileEncoding = 4; lastKnownFileType = sourcecode.c.objc; path = "NSData+isPresented.m"; sourceTree = "<group>"; };
		CED4A6C816BB514D00269A5C /* NSData+sqlRepresentation.h */ = {isa = PBXFileReference; fileEncoding = 4; lastKnownFileType = sourcecode.c.h; path = "NSData+sqlRepresentation.h"; sourceTree = "<group>"; };
		CED4A6C916BB514D00269A5C /* NSData+sqlRepresentation.m */ = {isa = PBXFileReference; fileEncoding = 4; lastKnownFileType = sourcecode.c.objc; path = "NSData+sqlRepresentation.m"; sourceTree = "<group>"; };
		CED4A6CA16BB514D00269A5C /* NSDate+isPresented.h */ = {isa = PBXFileReference; fileEncoding = 4; lastKnownFileType = sourcecode.c.h; path = "NSDate+isPresented.h"; sourceTree = "<group>"; };
		CED4A6CB16BB514D00269A5C /* NSDate+isPresented.m */ = {isa = PBXFileReference; fileEncoding = 4; lastKnownFileType = sourcecode.c.objc; path = "NSDate+isPresented.m"; sourceTree = "<group>"; };
		CED4A6CC16BB514D00269A5C /* NSDate+sqlRepresentation.h */ = {isa = PBXFileReference; fileEncoding = 4; lastKnownFileType = sourcecode.c.h; path = "NSDate+sqlRepresentation.h"; sourceTree = "<group>"; };
		CED4A6CD16BB514D00269A5C /* NSDate+sqlRepresentation.m */ = {isa = PBXFileReference; fileEncoding = 4; lastKnownFileType = sourcecode.c.objc; path = "NSDate+sqlRepresentation.m"; sourceTree = "<group>"; };
		CED4A6CE16BB514D00269A5C /* NSDecimalNumber+isPresented.h */ = {isa = PBXFileReference; fileEncoding = 4; lastKnownFileType = sourcecode.c.h; path = "NSDecimalNumber+isPresented.h"; sourceTree = "<group>"; };
		CED4A6CF16BB514D00269A5C /* NSDecimalNumber+isPresented.m */ = {isa = PBXFileReference; fileEncoding = 4; lastKnownFileType = sourcecode.c.objc; path = "NSDecimalNumber+isPresented.m"; sourceTree = "<group>"; };
		CED4A6D016BB514D00269A5C /* NSDecimalNumber+sqlRepresentation.h */ = {isa = PBXFileReference; fileEncoding = 4; lastKnownFileType = sourcecode.c.h; path = "NSDecimalNumber+sqlRepresentation.h"; sourceTree = "<group>"; };
		CED4A6D116BB514D00269A5C /* NSDecimalNumber+sqlRepresentation.m */ = {isa = PBXFileReference; fileEncoding = 4; lastKnownFileType = sourcecode.c.objc; path = "NSDecimalNumber+sqlRepresentation.m"; sourceTree = "<group>"; };
		CED4A6D216BB514D00269A5C /* NSMutableDictionary+valueToArray.h */ = {isa = PBXFileReference; fileEncoding = 4; lastKnownFileType = sourcecode.c.h; path = "NSMutableDictionary+valueToArray.h"; sourceTree = "<group>"; };
		CED4A6D316BB514D00269A5C /* NSMutableDictionary+valueToArray.m */ = {isa = PBXFileReference; fileEncoding = 4; lastKnownFileType = sourcecode.c.objc; path = "NSMutableDictionary+valueToArray.m"; sourceTree = "<group>"; };
		CED4A6D416BB514D00269A5C /* NSNumber+isPresented.h */ = {isa = PBXFileReference; fileEncoding = 4; lastKnownFileType = sourcecode.c.h; path = "NSNumber+isPresented.h"; sourceTree = "<group>"; };
		CED4A6D516BB514D00269A5C /* NSNumber+isPresented.m */ = {isa = PBXFileReference; fileEncoding = 4; lastKnownFileType = sourcecode.c.objc; path = "NSNumber+isPresented.m"; sourceTree = "<group>"; };
		CED4A6D616BB514D00269A5C /* NSNumber+sqlRepresentation.h */ = {isa = PBXFileReference; fileEncoding = 4; lastKnownFileType = sourcecode.c.h; path = "NSNumber+sqlRepresentation.h"; sourceTree = "<group>"; };
		CED4A6D716BB514D00269A5C /* NSNumber+sqlRepresentation.m */ = {isa = PBXFileReference; fileEncoding = 4; lastKnownFileType = sourcecode.c.objc; path = "NSNumber+sqlRepresentation.m"; sourceTree = "<group>"; };
		CED4A6D816BB514D00269A5C /* NSSet+toSql.h */ = {isa = PBXFileReference; fileEncoding = 4; lastKnownFileType = sourcecode.c.h; path = "NSSet+toSql.h"; sourceTree = "<group>"; };
		CED4A6D916BB514D00269A5C /* NSSet+toSql.m */ = {isa = PBXFileReference; fileEncoding = 4; lastKnownFileType = sourcecode.c.objc; path = "NSSet+toSql.m"; sourceTree = "<group>"; };
		CED4A6DA16BB514D00269A5C /* NSString+isPresented.h */ = {isa = PBXFileReference; fileEncoding = 4; lastKnownFileType = sourcecode.c.h; path = "NSString+isPresented.h"; sourceTree = "<group>"; };
		CED4A6DB16BB514D00269A5C /* NSString+isPresented.m */ = {isa = PBXFileReference; fileEncoding = 4; lastKnownFileType = sourcecode.c.objc; path = "NSString+isPresented.m"; sourceTree = "<group>"; };
		CED4A6DC16BB514D00269A5C /* NSString+lowercaseFirst.h */ = {isa = PBXFileReference; fileEncoding = 4; lastKnownFileType = sourcecode.c.h; path = "NSString+lowercaseFirst.h"; sourceTree = "<group>"; };
		CED4A6DD16BB514D00269A5C /* NSString+lowercaseFirst.m */ = {isa = PBXFileReference; fileEncoding = 4; lastKnownFileType = sourcecode.c.objc; path = "NSString+lowercaseFirst.m"; sourceTree = "<group>"; };
		CED4A6DE16BB514D00269A5C /* NSString+quotedString.h */ = {isa = PBXFileReference; fileEncoding = 4; lastKnownFileType = sourcecode.c.h; path = "NSString+quotedString.h"; sourceTree = "<group>"; };
		CED4A6DF16BB514D00269A5C /* NSString+quotedString.m */ = {isa = PBXFileReference; fileEncoding = 4; lastKnownFileType = sourcecode.c.objc; path = "NSString+quotedString.m"; sourceTree = "<group>"; };
		CED4A6E016BB514D00269A5C /* NSString+sqlRepresentation.h */ = {isa = PBXFileReference; fileEncoding = 4; lastKnownFileType = sourcecode.c.h; path = "NSString+sqlRepresentation.h"; sourceTree = "<group>"; };
		CED4A6E116BB514D00269A5C /* NSString+sqlRepresentation.m */ = {isa = PBXFileReference; fileEncoding = 4; lastKnownFileType = sourcecode.c.objc; path = "NSString+sqlRepresentation.m"; sourceTree = "<group>"; };
		CED4A6E216BB514D00269A5C /* NSString+stringWithEscapedQuote.h */ = {isa = PBXFileReference; fileEncoding = 4; lastKnownFileType = sourcecode.c.h; path = "NSString+stringWithEscapedQuote.h"; sourceTree = "<group>"; };
		CED4A6E316BB514D00269A5C /* NSString+stringWithEscapedQuote.m */ = {isa = PBXFileReference; fileEncoding = 4; lastKnownFileType = sourcecode.c.objc; path = "NSString+stringWithEscapedQuote.m"; sourceTree = "<group>"; };
		CED4A6E416BB514D00269A5C /* NSString+uppercaseFirst.h */ = {isa = PBXFileReference; fileEncoding = 4; lastKnownFileType = sourcecode.c.h; path = "NSString+uppercaseFirst.h"; sourceTree = "<group>"; };
		CED4A6E516BB514D00269A5C /* NSString+uppercaseFirst.m */ = {isa = PBXFileReference; fileEncoding = 4; lastKnownFileType = sourcecode.c.objc; path = "NSString+uppercaseFirst.m"; sourceTree = "<group>"; };
		CED4A6E616BB514D00269A5C /* octocat.png */ = {isa = PBXFileReference; lastKnownFileType = image.png; path = octocat.png; sourceTree = "<group>"; };
		CED4A70E16BB553300269A5C /* QuartzCore.framework */ = {isa = PBXFileReference; lastKnownFileType = wrapper.framework; name = QuartzCore.framework; path = System/Library/Frameworks/QuartzCore.framework; sourceTree = SDKROOT; };
		CED4A71116BB57C800269A5C /* libsqlite3.0.dylib */ = {isa = PBXFileReference; lastKnownFileType = "compiled.mach-o.dylib"; name = libsqlite3.0.dylib; path = usr/lib/libsqlite3.0.dylib; sourceTree = SDKROOT; };
		CEEB6D1D16B9F370004C8A8C /* EmissoraModel.h */ = {isa = PBXFileReference; fileEncoding = 4; lastKnownFileType = sourcecode.c.h; path = EmissoraModel.h; sourceTree = "<group>"; };
		CEEB6D1E16B9F370004C8A8C /* EmissoraModel.m */ = {isa = PBXFileReference; fileEncoding = 4; lastKnownFileType = sourcecode.c.objc; path = EmissoraModel.m; sourceTree = "<group>"; };
		CEEB6D2016B9F47F004C8A8C /* EmissoraModel+Parse.h */ = {isa = PBXFileReference; fileEncoding = 4; lastKnownFileType = sourcecode.c.h; path = "EmissoraModel+Parse.h"; sourceTree = "<group>"; };
		CEEB6D2116B9F47F004C8A8C /* EmissoraModel+Parse.m */ = {isa = PBXFileReference; fileEncoding = 4; lastKnownFileType = sourcecode.c.objc; path = "EmissoraModel+Parse.m"; sourceTree = "<group>"; };
		CEEB6D2316B9F797004C8A8C /* NovelaModel.h */ = {isa = PBXFileReference; fileEncoding = 4; lastKnownFileType = sourcecode.c.h; path = NovelaModel.h; sourceTree = "<group>"; };
		CEEB6D2416B9F797004C8A8C /* NovelaModel.m */ = {isa = PBXFileReference; fileEncoding = 4; lastKnownFileType = sourcecode.c.objc; path = NovelaModel.m; sourceTree = "<group>"; };
		CEEB6D2616B9F7AF004C8A8C /* NovelaModel+Parse.h */ = {isa = PBXFileReference; fileEncoding = 4; lastKnownFileType = sourcecode.c.h; path = "NovelaModel+Parse.h"; sourceTree = "<group>"; };
		CEEB6D2716B9F7AF004C8A8C /* NovelaModel+Parse.m */ = {isa = PBXFileReference; fileEncoding = 4; lastKnownFileType = sourcecode.c.objc; path = "NovelaModel+Parse.m"; sourceTree = "<group>"; };
		CEEB6D2A16BA0E44004C8A8C /* EGOCache.h */ = {isa = PBXFileReference; fileEncoding = 4; lastKnownFileType = sourcecode.c.h; path = EGOCache.h; sourceTree = "<group>"; };
		CEEB6D2B16BA0E44004C8A8C /* EGOCache.m */ = {isa = PBXFileReference; fileEncoding = 4; lastKnownFileType = sourcecode.c.objc; path = EGOCache.m; sourceTree = "<group>"; };
		CEEB6D2C16BA0E44004C8A8C /* README.mdown */ = {isa = PBXFileReference; fileEncoding = 4; lastKnownFileType = text; path = README.mdown; sourceTree = "<group>"; };
		CEEB6D2E16BA0E44004C8A8C /* GADAdMobExtras.h */ = {isa = PBXFileReference; fileEncoding = 4; lastKnownFileType = sourcecode.c.h; path = GADAdMobExtras.h; sourceTree = "<group>"; };
		CEEB6D2F16BA0E44004C8A8C /* GADAdNetworkExtras.h */ = {isa = PBXFileReference; fileEncoding = 4; lastKnownFileType = sourcecode.c.h; path = GADAdNetworkExtras.h; sourceTree = "<group>"; };
		CEEB6D3016BA0E44004C8A8C /* GADAdSize.h */ = {isa = PBXFileReference; fileEncoding = 4; lastKnownFileType = sourcecode.c.h; path = GADAdSize.h; sourceTree = "<group>"; };
		CEEB6D3116BA0E44004C8A8C /* GADBannerView.h */ = {isa = PBXFileReference; fileEncoding = 4; lastKnownFileType = sourcecode.c.h; path = GADBannerView.h; sourceTree = "<group>"; };
		CEEB6D3216BA0E44004C8A8C /* GADBannerViewDelegate.h */ = {isa = PBXFileReference; fileEncoding = 4; lastKnownFileType = sourcecode.c.h; path = GADBannerViewDelegate.h; sourceTree = "<group>"; };
		CEEB6D3316BA0E44004C8A8C /* GADInterstitial.h */ = {isa = PBXFileReference; fileEncoding = 4; lastKnownFileType = sourcecode.c.h; path = GADInterstitial.h; sourceTree = "<group>"; };
		CEEB6D3416BA0E44004C8A8C /* GADInterstitialDelegate.h */ = {isa = PBXFileReference; fileEncoding = 4; lastKnownFileType = sourcecode.c.h; path = GADInterstitialDelegate.h; sourceTree = "<group>"; };
		CEEB6D3516BA0E44004C8A8C /* GADRequest.h */ = {isa = PBXFileReference; fileEncoding = 4; lastKnownFileType = sourcecode.c.h; path = GADRequest.h; sourceTree = "<group>"; };
		CEEB6D3616BA0E44004C8A8C /* GADRequestError.h */ = {isa = PBXFileReference; fileEncoding = 4; lastKnownFileType = sourcecode.c.h; path = GADRequestError.h; sourceTree = "<group>"; };
		CEEB6D3716BA0E44004C8A8C /* libGoogleAdMobAds.a */ = {isa = PBXFileReference; lastKnownFileType = archive.ar; path = libGoogleAdMobAds.a; sourceTree = "<group>"; };
		CEEB6D3816BA0E44004C8A8C /* README.txt */ = {isa = PBXFileReference; fileEncoding = 4; lastKnownFileType = text; path = README.txt; sourceTree = "<group>"; };
		CEEB6D3A16BA0E44004C8A8C /* GAI.h */ = {isa = PBXFileReference; fileEncoding = 4; lastKnownFileType = sourcecode.c.h; path = GAI.h; sourceTree = "<group>"; };
		CEEB6D3B16BA0E44004C8A8C /* GAITrackedViewController.h */ = {isa = PBXFileReference; fileEncoding = 4; lastKnownFileType = sourcecode.c.h; path = GAITrackedViewController.h; sourceTree = "<group>"; };
		CEEB6D3C16BA0E44004C8A8C /* GAITracker.h */ = {isa = PBXFileReference; fileEncoding = 4; lastKnownFileType = sourcecode.c.h; path = GAITracker.h; sourceTree = "<group>"; };
		CEEB6D3D16BA0E44004C8A8C /* GAITransaction.h */ = {isa = PBXFileReference; fileEncoding = 4; lastKnownFileType = sourcecode.c.h; path = GAITransaction.h; sourceTree = "<group>"; };
		CEEB6D3E16BA0E44004C8A8C /* GAITransactionItem.h */ = {isa = PBXFileReference; fileEncoding = 4; lastKnownFileType = sourcecode.c.h; path = GAITransactionItem.h; sourceTree = "<group>"; };
		CEEB6D3F16BA0E44004C8A8C /* libGoogleAnalytics.a */ = {isa = PBXFileReference; lastKnownFileType = archive.ar; path = libGoogleAnalytics.a; sourceTree = "<group>"; };
		CEEB6D4016BA0E44004C8A8C /* libGoogleAnalytics_debug.a */ = {isa = PBXFileReference; lastKnownFileType = archive.ar; path = libGoogleAnalytics_debug.a; sourceTree = "<group>"; };
		CEEB6D4216BA0E44004C8A8C /* CHANGELOG.md */ = {isa = PBXFileReference; fileEncoding = 4; lastKnownFileType = text; path = CHANGELOG.md; sourceTree = "<group>"; };
		CEEB6D4316BA0E44004C8A8C /* JSONKit.h */ = {isa = PBXFileReference; fileEncoding = 4; lastKnownFileType = sourcecode.c.h; path = JSONKit.h; sourceTree = "<group>"; };
		CEEB6D4416BA0E44004C8A8C /* JSONKit.m */ = {isa = PBXFileReference; fileEncoding = 4; lastKnownFileType = sourcecode.c.objc; path = JSONKit.m; sourceTree = "<group>"; };
		CEEB6D4516BA0E44004C8A8C /* README.md */ = {isa = PBXFileReference; fileEncoding = 4; lastKnownFileType = text; path = README.md; sourceTree = "<group>"; };
		CEEB6D4716BA0E44004C8A8C /* NSDate+HumanInterval.h */ = {isa = PBXFileReference; fileEncoding = 4; lastKnownFileType = sourcecode.c.h; path = "NSDate+HumanInterval.h"; sourceTree = "<group>"; };
		CEEB6D4816BA0E44004C8A8C /* NSDate+HumanInterval.m */ = {isa = PBXFileReference; fileEncoding = 4; lastKnownFileType = sourcecode.c.objc; path = "NSDate+HumanInterval.m"; sourceTree = "<group>"; };
		CEEB6D4A16BA0E44004C8A8C /* NSString+MD5.h */ = {isa = PBXFileReference; fileEncoding = 4; lastKnownFileType = sourcecode.c.h; path = "NSString+MD5.h"; sourceTree = "<group>"; };
		CEEB6D4B16BA0E44004C8A8C /* NSString+MD5.m */ = {isa = PBXFileReference; fileEncoding = 4; lastKnownFileType = sourcecode.c.objc; path = "NSString+MD5.m"; sourceTree = "<group>"; };
		CEEB6D4C16BA0E44004C8A8C /* README.txt */ = {isa = PBXFileReference; fileEncoding = 4; lastKnownFileType = text; path = README.txt; sourceTree = "<group>"; };
		CEEB6D4E16BA0E44004C8A8C /* YQL.h */ = {isa = PBXFileReference; fileEncoding = 4; lastKnownFileType = sourcecode.c.h; path = YQL.h; sourceTree = "<group>"; };
		CEEB6D4F16BA0E44004C8A8C /* YQL.m */ = {isa = PBXFileReference; fileEncoding = 4; lastKnownFileType = sourcecode.c.objc; path = YQL.m; sourceTree = "<group>"; };
/* End PBXFileReference section */

/* Begin PBXFrameworksBuildPhase section */
		39E652F716B74F7D00A5A37C /* Frameworks */ = {
			isa = PBXFrameworksBuildPhase;
			buildActionMask = 2147483647;
			files = (
				CED4A71316BB57DD00269A5C /* libsqlite3.0.dylib in Frameworks */,
				CED4A71016BB554D00269A5C /* QuartzCore.framework in Frameworks */,
				39E652FF16B74F7D00A5A37C /* UIKit.framework in Frameworks */,
				39E6530116B74F7D00A5A37C /* Foundation.framework in Frameworks */,
				39E6530316B74F7D00A5A37C /* CoreGraphics.framework in Frameworks */,
				CEEB6D5216BA0E44004C8A8C /* libGoogleAdMobAds.a in Frameworks */,
				CEEB6D5416BA0E44004C8A8C /* libGoogleAnalytics.a in Frameworks */,
				CEEB6D5516BA0E44004C8A8C /* libGoogleAnalytics_debug.a in Frameworks */,
			);
			runOnlyForDeploymentPostprocessing = 0;
		};
/* End PBXFrameworksBuildPhase section */

/* Begin PBXGroup section */
		2342863F16B8997300F05F6F /* Libraries */ = {
			isa = PBXGroup;
			children = (
				CED4A68C16BB514D00269A5C /* iActiveRecord */,
				CEEB6D2916BA0E44004C8A8C /* EGOCache */,
				CEEB6D2D16BA0E44004C8A8C /* GoogleAdMobAdsSdkiOS-6.2.1 */,
				CEEB6D3916BA0E44004C8A8C /* GoogleAnalyticsiOS-2.0b3 */,
				CEEB6D4116BA0E44004C8A8C /* JSONKit */,
				CEEB6D4616BA0E44004C8A8C /* NSDate-HumanInterval */,
				CEEB6D4916BA0E44004C8A8C /* NSString-MD5 */,
				CEEB6D4D16BA0E44004C8A8C /* YQL */,
				39E2DAFC16BA0A1A00665601 /* Flickr Interface */,
			);
			path = Libraries;
			sourceTree = "<group>";
		};
		2342864116B89B1C00F05F6F /* Images */ = {
			isa = PBXGroup;
			children = (
				39E2DAC316BA00C400665601 /* Fotogaleria */,
				2342864216B89B1C00F05F6F /* menu */,
				2342864316B89B1C00F05F6F /* navbar */,
				2342864416B89B1C00F05F6F /* splash */,
				2342865516B89DAE00F05F6F /* tabbar */,
			);
			path = Images;
			sourceTree = "<group>";
		};
		2342864216B89B1C00F05F6F /* menu */ = {
			isa = PBXGroup;
			children = (
			);
			path = menu;
			sourceTree = "<group>";
		};
		2342864316B89B1C00F05F6F /* navbar */ = {
			isa = PBXGroup;
			children = (
			);
			path = navbar;
			sourceTree = "<group>";
		};
		2342864416B89B1C00F05F6F /* splash */ = {
			isa = PBXGroup;
			children = (
				2342864516B89B1C00F05F6F /* Default-568h@2x.png */,
				2342864616B89B1C00F05F6F /* Default.png */,
				2342864716B89B1C00F05F6F /* Default@2x.png */,
			);
			path = splash;
			sourceTree = "<group>";
		};
		2342864B16B89C4200F05F6F /* Classes */ = {
			isa = PBXGroup;
			children = (
				2342864C16B89C4200F05F6F /* Categories */,
				2342864D16B89C4200F05F6F /* Comparators */,
				2342864E16B89C4200F05F6F /* ViewControllers */,
			);
			path = Classes;
			sourceTree = "<group>";
		};
		2342864C16B89C4200F05F6F /* Categories */ = {
			isa = PBXGroup;
			children = (
				CED4A68916BB4F2A00269A5C /* NSString+HTML.h */,
				CED4A68A16BB4F2A00269A5C /* NSString+HTML.m */,
			);
			path = Categories;
			sourceTree = "<group>";
		};
		2342864D16B89C4200F05F6F /* Comparators */ = {
			isa = PBXGroup;
			children = (
			);
			path = Comparators;
			sourceTree = "<group>";
		};
		2342864E16B89C4200F05F6F /* ViewControllers */ = {
			isa = PBXGroup;
			children = (
				2342864F16B89D5E00F05F6F /* HomeViewController.h */,
				2342865016B89D5E00F05F6F /* HomeViewController.m */,
				2342865116B89D5E00F05F6F /* NovelasViewController.h */,
				2342865216B89D5E00F05F6F /* NovelasViewController.m */,
				CE985BBD16B8B5D900AEB045 /* NewsViewController.h */,
				CE985BBE16B8B5D900AEB045 /* NewsViewController.m */,
				39E2DAEC16BA014600665601 /* FotogaleriaViewController.h */,
				39E2DAED16BA014600665601 /* FotogaleriaViewController.m */,
			);
			path = ViewControllers;
			sourceTree = "<group>";
		};
		2342865516B89DAE00F05F6F /* tabbar */ = {
			isa = PBXGroup;
			children = (
				2342865616B89DAE00F05F6F /* first.png */,
				2342865716B89DAE00F05F6F /* first@2x.png */,
				2342865816B89DAE00F05F6F /* second.png */,
				2342865916B89DAE00F05F6F /* second@2x.png */,
			);
			path = tabbar;
			sourceTree = "<group>";
		};
		2342865E16B89E2400F05F6F /* Storyboards */ = {
			isa = PBXGroup;
			children = (
				39E6531616B74F7D00A5A37C /* MainStoryboard_iPhone.storyboard */,
				39E6531916B74F7D00A5A37C /* MainStoryboard_iPad.storyboard */,
			);
			name = Storyboards;
			sourceTree = "<group>";
		};
		39E2DAC316BA00C400665601 /* Fotogaleria */ = {
			isa = PBXGroup;
			children = (
				39E2DAC416BA00C400665601 /* bg_cork.png */,
				39E2DAC516BA00C400665601 /* bg_cork@2x.png */,
				39E2DAC616BA00C400665601 /* button.png */,
				39E2DAC716BA00C400665601 /* button@2x.png */,
				39E2DAC816BA00C400665601 /* decoration_snail.png */,
				39E2DAC916BA00C400665601 /* decoration_snail@2x.png */,
				39E2DACA16BA00C400665601 /* divider_bar.png */,
				39E2DACB16BA00C400665601 /* divider_bar@2x.png */,
				39E2DACC16BA00C400665601 /* header_bg.png */,
				39E2DACD16BA00C400665601 /* header_bg@2x.png */,
				39E2DACE16BA00C400665601 /* navbar.png */,
				39E2DACF16BA00C400665601 /* navbar@2x.png */,
				39E2DAD016BA00C400665601 /* polaroid1_border.png */,
				39E2DAD116BA00C500665601 /* polaroid1_border@2x.png */,
				39E2DAD216BA00C500665601 /* pushpin.png */,
				39E2DAD316BA00C500665601 /* pushpin@2x.png */,
				39E2DAD416BA00C500665601 /* search_field.png */,
				39E2DAD516BA00C500665601 /* search_field@2x.png */,
				39E2DAD616BA00C500665601 /* search_text.png */,
				39E2DAD716BA00C500665601 /* search_text@2x.png */,
			);
			path = Fotogaleria;
			sourceTree = "<group>";
		};
		39E2DAFC16BA0A1A00665601 /* Flickr Interface */ = {
			isa = PBXGroup;
			children = (
				39E2DAFD16BA0A1A00665601 /* Flickr.h */,
				39E2DAFE16BA0A1A00665601 /* Flickr.m */,
				39E2DAFF16BA0A1A00665601 /* FlickrPhoto.h */,
				39E2DB0016BA0A1A00665601 /* FlickrPhoto.m */,
				39DE229B16BB4D690044C315 /* FlickPhotoCell.h */,
				39DE229C16BB4D690044C315 /* FlickPhotoCell.m */,
			);
			name = "Flickr Interface";
			path = "Fofoca/Libraries/Flickr Interface";
			sourceTree = SOURCE_ROOT;
		};
		39E652EF16B74F7D00A5A37C = {
			isa = PBXGroup;
			children = (
				39E6530416B74F7D00A5A37C /* Fofoca */,
				2342863F16B8997300F05F6F /* Libraries */,
				39E652FD16B74F7D00A5A37C /* Frameworks */,
				39E652FB16B74F7D00A5A37C /* Products */,
			);
			sourceTree = "<group>";
		};
		39E652FB16B74F7D00A5A37C /* Products */ = {
			isa = PBXGroup;
			children = (
				39E652FA16B74F7D00A5A37C /* Fofoca.app */,
			);
			name = Products;
			sourceTree = "<group>";
		};
		39E652FD16B74F7D00A5A37C /* Frameworks */ = {
			isa = PBXGroup;
			children = (
				CED4A71116BB57C800269A5C /* libsqlite3.0.dylib */,
				CED4A70E16BB553300269A5C /* QuartzCore.framework */,
				39E652FE16B74F7D00A5A37C /* UIKit.framework */,
				39E6530016B74F7D00A5A37C /* Foundation.framework */,
				39E6530216B74F7D00A5A37C /* CoreGraphics.framework */,
			);
			name = Frameworks;
			sourceTree = "<group>";
		};
		39E6530416B74F7D00A5A37C /* Fofoca */ = {
			isa = PBXGroup;
			children = (
				CE985BBB16B8A78000AEB045 /* Global.h */,
				39E6530D16B74F7D00A5A37C /* AppDelegate.h */,
				39E6530E16B74F7D00A5A37C /* AppDelegate.m */,
				CE985BBC16B8AD8E00AEB045 /* Models */,
				2342864B16B89C4200F05F6F /* Classes */,
				39E6530516B74F7D00A5A37C /* Supporting Files */,
			);
			path = Fofoca;
			sourceTree = "<group>";
		};
		39E6530516B74F7D00A5A37C /* Supporting Files */ = {
			isa = PBXGroup;
			children = (
				2342865E16B89E2400F05F6F /* Storyboards */,
				2342864116B89B1C00F05F6F /* Images */,
				39E6530616B74F7D00A5A37C /* Fofoca-Info.plist */,
				39E6530716B74F7D00A5A37C /* InfoPlist.strings */,
				39E6530A16B74F7D00A5A37C /* main.m */,
				39E6530C16B74F7D00A5A37C /* Fofoca-Prefix.pch */,
			);
			name = "Supporting Files";
			sourceTree = "<group>";
		};
		CE985BBC16B8AD8E00AEB045 /* Models */ = {
			isa = PBXGroup;
			children = (
				CEEB6D1D16B9F370004C8A8C /* EmissoraModel.h */,
				CEEB6D1E16B9F370004C8A8C /* EmissoraModel.m */,
				CEEB6D2016B9F47F004C8A8C /* EmissoraModel+Parse.h */,
				CEEB6D2116B9F47F004C8A8C /* EmissoraModel+Parse.m */,
				CEEB6D2316B9F797004C8A8C /* NovelaModel.h */,
				CEEB6D2416B9F797004C8A8C /* NovelaModel.m */,
				CEEB6D2616B9F7AF004C8A8C /* NovelaModel+Parse.h */,
				CEEB6D2716B9F7AF004C8A8C /* NovelaModel+Parse.m */,
				CED4A68316BB4D3800269A5C /* NewsModel.h */,
				CED4A68416BB4D3800269A5C /* NewsModel.m */,
				CED4A68616BB4DC000269A5C /* NewsModel+Parse.h */,
				CED4A68716BB4DC000269A5C /* NewsModel+Parse.m */,
			);
			path = Models;
			sourceTree = "<group>";
		};
		CED4A68C16BB514D00269A5C /* iActiveRecord */ = {
			isa = PBXGroup;
			children = (
				CED4A68D16BB514D00269A5C /* ActiveRecord.h */,
				CED4A68E16BB514D00269A5C /* ActiveRecord.m */,
				CED4A68F16BB514D00269A5C /* ActiveRecord_Private.h */,
				CED4A69016BB514D00269A5C /* ARBaseRelationship.h */,
				CED4A69116BB514D00269A5C /* ARBaseRelationship.m */,
				CED4A69216BB514D00269A5C /* ARColumn.h */,
				CED4A69316BB514D00269A5C /* ARColumn.m */,
				CED4A69416BB514D00269A5C /* ARColumn_Private.h */,
				CED4A69516BB514D00269A5C /* ARDatabaseManager.h */,
				CED4A69616BB514D00269A5C /* ARDatabaseManager.m */,
				CED4A69716BB514D00269A5C /* AREnum.h */,
				CED4A69816BB514D00269A5C /* ARError.h */,
				CED4A69916BB514D00269A5C /* ARError.m */,
				CED4A69A16BB514D00269A5C /* ARErrorHelper.h */,
				CED4A69B16BB514D00269A5C /* ARException.h */,
				CED4A69C16BB514D00269A5C /* ARException.m */,
				CED4A69D16BB514D00269A5C /* ARIndicesMacroHelper.h */,
				CED4A69E16BB514D00269A5C /* ARLazyFetcher.h */,
				CED4A69F16BB514D00269A5C /* ARLazyFetcher.m */,
				CED4A6A016BB514D00269A5C /* ARLazyFetcher_Private.h */,
				CED4A6A116BB514D00269A5C /* ARPropertyType.h */,
				CED4A6A216BB514D00269A5C /* ARRelationBelongsTo.h */,
				CED4A6A316BB514D00269A5C /* ARRelationBelongsTo.m */,
				CED4A6A416BB514D00269A5C /* ARRelationHasMany.h */,
				CED4A6A516BB514D00269A5C /* ARRelationHasMany.m */,
				CED4A6A616BB514D00269A5C /* ARRelationHasManyThrough.h */,
				CED4A6A716BB514D00269A5C /* ARRelationHasManyThrough.m */,
				CED4A6A816BB514D00269A5C /* ARRelationshipsHelper.h */,
				CED4A6A916BB514D00269A5C /* ARRepresentationProtocol.h */,
				CED4A6AA16BB514D00269A5C /* ARSchemaManager.h */,
				CED4A6AB16BB514D00269A5C /* ARSchemaManager.m */,
				CED4A6AC16BB514D00269A5C /* ARSQLBuilder.h */,
				CED4A6AD16BB514D00269A5C /* ARSQLBuilder.m */,
				CED4A6AE16BB514D00269A5C /* ARValidation.h */,
				CED4A6AF16BB514D00269A5C /* ARValidation.m */,
				CED4A6B016BB514D00269A5C /* ARValidationsHelper.h */,
				CED4A6B116BB514D00269A5C /* ARValidator.h */,
				CED4A6B216BB514D00269A5C /* ARValidator.m */,
				CED4A6B316BB514D00269A5C /* ARValidatorPresence.h */,
				CED4A6B416BB514D00269A5C /* ARValidatorPresence.m */,
				CED4A6B516BB514D00269A5C /* ARValidatorProtocol.h */,
				CED4A6B616BB514D00269A5C /* ARValidatorUniqueness.h */,
				CED4A6B716BB514D00269A5C /* ARValidatorUniqueness.m */,
				CED4A6B816BB514D00269A5C /* class_getSubclasses.h */,
				CED4A6B916BB514D00269A5C /* deps */,
				CED4A6BC16BB514D00269A5C /* InfoPlist.strings */,
				CED4A6BE16BB514D00269A5C /* iActiveRecord-Info.plist */,
				CED4A6BF16BB514D00269A5C /* iActiveRecord-Prefix.pch */,
				CED4A6C016BB514D00269A5C /* NSArray+objectsAccessors.h */,
				CED4A6C116BB514D00269A5C /* NSArray+objectsAccessors.m */,
				CED4A6C216BB514D00269A5C /* NSArray+toSql.h */,
				CED4A6C316BB514D00269A5C /* NSArray+toSql.m */,
				CED4A6C416BB514D00269A5C /* NSData+Base64.h */,
				CED4A6C516BB514D00269A5C /* NSData+Base64.m */,
				CED4A6C616BB514D00269A5C /* NSData+isPresented.h */,
				CED4A6C716BB514D00269A5C /* NSData+isPresented.m */,
				CED4A6C816BB514D00269A5C /* NSData+sqlRepresentation.h */,
				CED4A6C916BB514D00269A5C /* NSData+sqlRepresentation.m */,
				CED4A6CA16BB514D00269A5C /* NSDate+isPresented.h */,
				CED4A6CB16BB514D00269A5C /* NSDate+isPresented.m */,
				CED4A6CC16BB514D00269A5C /* NSDate+sqlRepresentation.h */,
				CED4A6CD16BB514D00269A5C /* NSDate+sqlRepresentation.m */,
				CED4A6CE16BB514D00269A5C /* NSDecimalNumber+isPresented.h */,
				CED4A6CF16BB514D00269A5C /* NSDecimalNumber+isPresented.m */,
				CED4A6D016BB514D00269A5C /* NSDecimalNumber+sqlRepresentation.h */,
				CED4A6D116BB514D00269A5C /* NSDecimalNumber+sqlRepresentation.m */,
				CED4A6D216BB514D00269A5C /* NSMutableDictionary+valueToArray.h */,
				CED4A6D316BB514D00269A5C /* NSMutableDictionary+valueToArray.m */,
				CED4A6D416BB514D00269A5C /* NSNumber+isPresented.h */,
				CED4A6D516BB514D00269A5C /* NSNumber+isPresented.m */,
				CED4A6D616BB514D00269A5C /* NSNumber+sqlRepresentation.h */,
				CED4A6D716BB514D00269A5C /* NSNumber+sqlRepresentation.m */,
				CED4A6D816BB514D00269A5C /* NSSet+toSql.h */,
				CED4A6D916BB514D00269A5C /* NSSet+toSql.m */,
				CED4A6DA16BB514D00269A5C /* NSString+isPresented.h */,
				CED4A6DB16BB514D00269A5C /* NSString+isPresented.m */,
				CED4A6DC16BB514D00269A5C /* NSString+lowercaseFirst.h */,
				CED4A6DD16BB514D00269A5C /* NSString+lowercaseFirst.m */,
				CED4A6DE16BB514D00269A5C /* NSString+quotedString.h */,
				CED4A6DF16BB514D00269A5C /* NSString+quotedString.m */,
				CED4A6E016BB514D00269A5C /* NSString+sqlRepresentation.h */,
				CED4A6E116BB514D00269A5C /* NSString+sqlRepresentation.m */,
				CED4A6E216BB514D00269A5C /* NSString+stringWithEscapedQuote.h */,
				CED4A6E316BB514D00269A5C /* NSString+stringWithEscapedQuote.m */,
				CED4A6E416BB514D00269A5C /* NSString+uppercaseFirst.h */,
				CED4A6E516BB514D00269A5C /* NSString+uppercaseFirst.m */,
				CED4A6E616BB514D00269A5C /* octocat.png */,
			);
			path = iActiveRecord;
			sourceTree = "<group>";
		};
		CED4A6B916BB514D00269A5C /* deps */ = {
			isa = PBXGroup;
			children = (
				CED4A6BA16BB514D00269A5C /* sqlite3_unicode.c */,
				CED4A6BB16BB514D00269A5C /* sqlite3_unicode.h */,
			);
			path = deps;
			sourceTree = "<group>";
		};
		CEEB6D2916BA0E44004C8A8C /* EGOCache */ = {
			isa = PBXGroup;
			children = (
				CEEB6D2A16BA0E44004C8A8C /* EGOCache.h */,
				CEEB6D2B16BA0E44004C8A8C /* EGOCache.m */,
				CEEB6D2C16BA0E44004C8A8C /* README.mdown */,
			);
			path = EGOCache;
			sourceTree = "<group>";
		};
		CEEB6D2D16BA0E44004C8A8C /* GoogleAdMobAdsSdkiOS-6.2.1 */ = {
			isa = PBXGroup;
			children = (
				CEEB6D2E16BA0E44004C8A8C /* GADAdMobExtras.h */,
				CEEB6D2F16BA0E44004C8A8C /* GADAdNetworkExtras.h */,
				CEEB6D3016BA0E44004C8A8C /* GADAdSize.h */,
				CEEB6D3116BA0E44004C8A8C /* GADBannerView.h */,
				CEEB6D3216BA0E44004C8A8C /* GADBannerViewDelegate.h */,
				CEEB6D3316BA0E44004C8A8C /* GADInterstitial.h */,
				CEEB6D3416BA0E44004C8A8C /* GADInterstitialDelegate.h */,
				CEEB6D3516BA0E44004C8A8C /* GADRequest.h */,
				CEEB6D3616BA0E44004C8A8C /* GADRequestError.h */,
				CEEB6D3716BA0E44004C8A8C /* libGoogleAdMobAds.a */,
				CEEB6D3816BA0E44004C8A8C /* README.txt */,
			);
			path = "GoogleAdMobAdsSdkiOS-6.2.1";
			sourceTree = "<group>";
		};
		CEEB6D3916BA0E44004C8A8C /* GoogleAnalyticsiOS-2.0b3 */ = {
			isa = PBXGroup;
			children = (
				CEEB6D3A16BA0E44004C8A8C /* GAI.h */,
				CEEB6D3B16BA0E44004C8A8C /* GAITrackedViewController.h */,
				CEEB6D3C16BA0E44004C8A8C /* GAITracker.h */,
				CEEB6D3D16BA0E44004C8A8C /* GAITransaction.h */,
				CEEB6D3E16BA0E44004C8A8C /* GAITransactionItem.h */,
				CEEB6D3F16BA0E44004C8A8C /* libGoogleAnalytics.a */,
				CEEB6D4016BA0E44004C8A8C /* libGoogleAnalytics_debug.a */,
			);
			path = "GoogleAnalyticsiOS-2.0b3";
			sourceTree = "<group>";
		};
		CEEB6D4116BA0E44004C8A8C /* JSONKit */ = {
			isa = PBXGroup;
			children = (
				CEEB6D4216BA0E44004C8A8C /* CHANGELOG.md */,
				CEEB6D4316BA0E44004C8A8C /* JSONKit.h */,
				CEEB6D4416BA0E44004C8A8C /* JSONKit.m */,
				CEEB6D4516BA0E44004C8A8C /* README.md */,
			);
			path = JSONKit;
			sourceTree = "<group>";
		};
		CEEB6D4616BA0E44004C8A8C /* NSDate-HumanInterval */ = {
			isa = PBXGroup;
			children = (
				CEEB6D4716BA0E44004C8A8C /* NSDate+HumanInterval.h */,
				CEEB6D4816BA0E44004C8A8C /* NSDate+HumanInterval.m */,
			);
			path = "NSDate-HumanInterval";
			sourceTree = "<group>";
		};
		CEEB6D4916BA0E44004C8A8C /* NSString-MD5 */ = {
			isa = PBXGroup;
			children = (
				CEEB6D4A16BA0E44004C8A8C /* NSString+MD5.h */,
				CEEB6D4B16BA0E44004C8A8C /* NSString+MD5.m */,
				CEEB6D4C16BA0E44004C8A8C /* README.txt */,
			);
			path = "NSString-MD5";
			sourceTree = "<group>";
		};
		CEEB6D4D16BA0E44004C8A8C /* YQL */ = {
			isa = PBXGroup;
			children = (
				CEEB6D4E16BA0E44004C8A8C /* YQL.h */,
				CEEB6D4F16BA0E44004C8A8C /* YQL.m */,
			);
			path = YQL;
			sourceTree = "<group>";
		};
/* End PBXGroup section */

/* Begin PBXNativeTarget section */
		39E652F916B74F7D00A5A37C /* Fofoca */ = {
			isa = PBXNativeTarget;
			buildConfigurationList = 39E6532C16B74F7E00A5A37C /* Build configuration list for PBXNativeTarget "Fofoca" */;
			buildPhases = (
				39E652F616B74F7D00A5A37C /* Sources */,
				39E652F716B74F7D00A5A37C /* Frameworks */,
				39E652F816B74F7D00A5A37C /* Resources */,
			);
			buildRules = (
			);
			dependencies = (
			);
			name = Fofoca;
			productName = Fofoca;
			productReference = 39E652FA16B74F7D00A5A37C /* Fofoca.app */;
			productType = "com.apple.product-type.application";
		};
/* End PBXNativeTarget section */

/* Begin PBXProject section */
		39E652F116B74F7D00A5A37C /* Project object */ = {
			isa = PBXProject;
			attributes = {
				LastUpgradeCheck = 0450;
				ORGANIZATIONNAME = 4Mobile;
			};
			buildConfigurationList = 39E652F416B74F7D00A5A37C /* Build configuration list for PBXProject "Fofoca" */;
			compatibilityVersion = "Xcode 3.2";
			developmentRegion = English;
			hasScannedForEncodings = 0;
			knownRegions = (
				en,
			);
			mainGroup = 39E652EF16B74F7D00A5A37C;
			productRefGroup = 39E652FB16B74F7D00A5A37C /* Products */;
			projectDirPath = "";
			projectRoot = "";
			targets = (
				39E652F916B74F7D00A5A37C /* Fofoca */,
			);
		};
/* End PBXProject section */

/* Begin PBXResourcesBuildPhase section */
		39E652F816B74F7D00A5A37C /* Resources */ = {
			isa = PBXResourcesBuildPhase;
			buildActionMask = 2147483647;
			files = (
				39E6530916B74F7D00A5A37C /* InfoPlist.strings in Resources */,
				39E6531816B74F7D00A5A37C /* MainStoryboard_iPhone.storyboard in Resources */,
				39E6531B16B74F7D00A5A37C /* MainStoryboard_iPad.storyboard in Resources */,
				2342864816B89B1C00F05F6F /* Default-568h@2x.png in Resources */,
				2342864916B89B1C00F05F6F /* Default.png in Resources */,
				2342864A16B89B1C00F05F6F /* Default@2x.png in Resources */,
				2342865A16B89DAE00F05F6F /* first.png in Resources */,
				2342865B16B89DAE00F05F6F /* first@2x.png in Resources */,
				2342865C16B89DAE00F05F6F /* second.png in Resources */,
				2342865D16B89DAE00F05F6F /* second@2x.png in Resources */,
				39E2DAD816BA00C500665601 /* bg_cork.png in Resources */,
				39E2DAD916BA00C500665601 /* bg_cork@2x.png in Resources */,
				39E2DADA16BA00C500665601 /* button.png in Resources */,
				39E2DADB16BA00C500665601 /* button@2x.png in Resources */,
				39E2DADC16BA00C500665601 /* decoration_snail.png in Resources */,
				39E2DADD16BA00C500665601 /* decoration_snail@2x.png in Resources */,
				39E2DADE16BA00C500665601 /* divider_bar.png in Resources */,
				39E2DADF16BA00C500665601 /* divider_bar@2x.png in Resources */,
				39E2DAE016BA00C500665601 /* header_bg.png in Resources */,
				39E2DAE116BA00C500665601 /* header_bg@2x.png in Resources */,
				39E2DAE216BA00C500665601 /* navbar.png in Resources */,
				39E2DAE316BA00C500665601 /* navbar@2x.png in Resources */,
				39E2DAE416BA00C500665601 /* polaroid1_border.png in Resources */,
				39E2DAE516BA00C500665601 /* polaroid1_border@2x.png in Resources */,
				39E2DAE616BA00C500665601 /* pushpin.png in Resources */,
				39E2DAE716BA00C500665601 /* pushpin@2x.png in Resources */,
				39E2DAE816BA00C500665601 /* search_field.png in Resources */,
				39E2DAE916BA00C500665601 /* search_field@2x.png in Resources */,
				39E2DAEA16BA00C500665601 /* search_text.png in Resources */,
				39E2DAEB16BA00C500665601 /* search_text@2x.png in Resources */,
				CEEB6D5116BA0E44004C8A8C /* README.mdown in Resources */,
				CEEB6D5316BA0E44004C8A8C /* README.txt in Resources */,
				CEEB6D5616BA0E44004C8A8C /* CHANGELOG.md in Resources */,
				CEEB6D5816BA0E44004C8A8C /* README.md in Resources */,
				CEEB6D5B16BA0E44004C8A8C /* README.txt in Resources */,
				CED4A6F816BB514D00269A5C /* InfoPlist.strings in Resources */,
				CED4A6F916BB514D00269A5C /* iActiveRecord-Info.plist in Resources */,
				CED4A70D16BB514D00269A5C /* octocat.png in Resources */,
			);
			runOnlyForDeploymentPostprocessing = 0;
		};
/* End PBXResourcesBuildPhase section */

/* Begin PBXSourcesBuildPhase section */
		39E652F616B74F7D00A5A37C /* Sources */ = {
			isa = PBXSourcesBuildPhase;
			buildActionMask = 2147483647;
			files = (
				39E6530B16B74F7D00A5A37C /* main.m in Sources */,
				39E6530F16B74F7D00A5A37C /* AppDelegate.m in Sources */,
				2342865316B89D5E00F05F6F /* HomeViewController.m in Sources */,
				2342865416B89D5E00F05F6F /* NovelasViewController.m in Sources */,
				CE985BBF16B8B5D900AEB045 /* NewsViewController.m in Sources */,
				CEEB6D1F16B9F370004C8A8C /* EmissoraModel.m in Sources */,
				CEEB6D2216B9F47F004C8A8C /* EmissoraModel+Parse.m in Sources */,
				CEEB6D2516B9F797004C8A8C /* NovelaModel.m in Sources */,
				CEEB6D2816B9F7AF004C8A8C /* NovelaModel+Parse.m in Sources */,
				CEEB6D5016BA0E44004C8A8C /* EGOCache.m in Sources */,
				CEEB6D5716BA0E44004C8A8C /* JSONKit.m in Sources */,
				CEEB6D5916BA0E44004C8A8C /* NSDate+HumanInterval.m in Sources */,
				CEEB6D5A16BA0E44004C8A8C /* NSString+MD5.m in Sources */,
				CEEB6D5C16BA0E44004C8A8C /* YQL.m in Sources */,
				CED4A68516BB4D3800269A5C /* NewsModel.m in Sources */,
				CED4A68816BB4DC000269A5C /* NewsModel+Parse.m in Sources */,
				CED4A68B16BB4F2A00269A5C /* NSString+HTML.m in Sources */,
				CED4A6E716BB514D00269A5C /* ActiveRecord.m in Sources */,
				CED4A6E816BB514D00269A5C /* ARBaseRelationship.m in Sources */,
				CED4A6E916BB514D00269A5C /* ARColumn.m in Sources */,
				CED4A6EA16BB514D00269A5C /* ARDatabaseManager.m in Sources */,
				CED4A6EB16BB514D00269A5C /* ARError.m in Sources */,
				CED4A6EC16BB514D00269A5C /* ARException.m in Sources */,
				CED4A6ED16BB514D00269A5C /* ARLazyFetcher.m in Sources */,
				CED4A6EE16BB514D00269A5C /* ARRelationBelongsTo.m in Sources */,
				CED4A6EF16BB514D00269A5C /* ARRelationHasMany.m in Sources */,
				CED4A6F016BB514D00269A5C /* ARRelationHasManyThrough.m in Sources */,
				CED4A6F116BB514D00269A5C /* ARSchemaManager.m in Sources */,
				CED4A6F216BB514D00269A5C /* ARSQLBuilder.m in Sources */,
				CED4A6F316BB514D00269A5C /* ARValidation.m in Sources */,
				CED4A6F416BB514D00269A5C /* ARValidator.m in Sources */,
				CED4A6F516BB514D00269A5C /* ARValidatorPresence.m in Sources */,
				CED4A6F616BB514D00269A5C /* ARValidatorUniqueness.m in Sources */,
				CED4A6F716BB514D00269A5C /* sqlite3_unicode.c in Sources */,
				CED4A6FA16BB514D00269A5C /* NSArray+objectsAccessors.m in Sources */,
				CED4A6FB16BB514D00269A5C /* NSArray+toSql.m in Sources */,
				CED4A6FC16BB514D00269A5C /* NSData+Base64.m in Sources */,
				CED4A6FD16BB514D00269A5C /* NSData+isPresented.m in Sources */,
				CED4A6FE16BB514D00269A5C /* NSData+sqlRepresentation.m in Sources */,
				CED4A6FF16BB514D00269A5C /* NSDate+isPresented.m in Sources */,
				CED4A70016BB514D00269A5C /* NSDate+sqlRepresentation.m in Sources */,
				CED4A70116BB514D00269A5C /* NSDecimalNumber+isPresented.m in Sources */,
				CED4A70216BB514D00269A5C /* NSDecimalNumber+sqlRepresentation.m in Sources */,
				CED4A70316BB514D00269A5C /* NSMutableDictionary+valueToArray.m in Sources */,
				CED4A70416BB514D00269A5C /* NSNumber+isPresented.m in Sources */,
				CED4A70516BB514D00269A5C /* NSNumber+sqlRepresentation.m in Sources */,
				CED4A70616BB514D00269A5C /* NSSet+toSql.m in Sources */,
				CED4A70716BB514D00269A5C /* NSString+isPresented.m in Sources */,
				CED4A70816BB514D00269A5C /* NSString+lowercaseFirst.m in Sources */,
				CED4A70916BB514D00269A5C /* NSString+quotedString.m in Sources */,
				CED4A70A16BB514D00269A5C /* NSString+sqlRepresentation.m in Sources */,
				CED4A70B16BB514D00269A5C /* NSString+stringWithEscapedQuote.m in Sources */,
				CED4A70C16BB514D00269A5C /* NSString+uppercaseFirst.m in Sources */,
			);
			runOnlyForDeploymentPostprocessing = 0;
		};
/* End PBXSourcesBuildPhase section */

/* Begin PBXVariantGroup section */
		39E6530716B74F7D00A5A37C /* InfoPlist.strings */ = {
			isa = PBXVariantGroup;
			children = (
				39E6530816B74F7D00A5A37C /* en */,
			);
			name = InfoPlist.strings;
			sourceTree = "<group>";
		};
		39E6531616B74F7D00A5A37C /* MainStoryboard_iPhone.storyboard */ = {
			isa = PBXVariantGroup;
			children = (
				39E6531716B74F7D00A5A37C /* en */,
			);
			name = MainStoryboard_iPhone.storyboard;
			sourceTree = "<group>";
		};
		39E6531916B74F7D00A5A37C /* MainStoryboard_iPad.storyboard */ = {
			isa = PBXVariantGroup;
			children = (
				39E6531A16B74F7D00A5A37C /* en */,
			);
			name = MainStoryboard_iPad.storyboard;
			sourceTree = "<group>";
		};
		CED4A6BC16BB514D00269A5C /* InfoPlist.strings */ = {
			isa = PBXVariantGroup;
			children = (
				CED4A6BD16BB514D00269A5C /* en */,
			);
			name = InfoPlist.strings;
			sourceTree = "<group>";
		};
/* End PBXVariantGroup section */

/* Begin XCBuildConfiguration section */
		39E6532A16B74F7E00A5A37C /* Debug */ = {
			isa = XCBuildConfiguration;
			buildSettings = {
				ALWAYS_SEARCH_USER_PATHS = NO;
				CLANG_CXX_LANGUAGE_STANDARD = "gnu++0x";
				CLANG_CXX_LIBRARY = "libc++";
				CLANG_ENABLE_OBJC_ARC = YES;
				CLANG_WARN_EMPTY_BODY = YES;
				CLANG_WARN__DUPLICATE_METHOD_MATCH = YES;
				"CODE_SIGN_IDENTITY[sdk=iphoneos*]" = "iPhone Developer";
				COPY_PHASE_STRIP = NO;
				GCC_C_LANGUAGE_STANDARD = gnu99;
				GCC_DYNAMIC_NO_PIC = NO;
				GCC_OPTIMIZATION_LEVEL = 0;
				GCC_PREPROCESSOR_DEFINITIONS = (
					"DEBUG=1",
					"$(inherited)",
				);
				GCC_SYMBOLS_PRIVATE_EXTERN = NO;
				GCC_WARN_ABOUT_RETURN_TYPE = YES;
				GCC_WARN_UNINITIALIZED_AUTOS = YES;
				GCC_WARN_UNUSED_VARIABLE = YES;
				IPHONEOS_DEPLOYMENT_TARGET = 6.0;
				ONLY_ACTIVE_ARCH = YES;
				SDKROOT = iphoneos;
				TARGETED_DEVICE_FAMILY = "1,2";
			};
			name = Debug;
		};
		39E6532B16B74F7E00A5A37C /* Release */ = {
			isa = XCBuildConfiguration;
			buildSettings = {
				ALWAYS_SEARCH_USER_PATHS = NO;
				CLANG_CXX_LANGUAGE_STANDARD = "gnu++0x";
				CLANG_CXX_LIBRARY = "libc++";
				CLANG_ENABLE_OBJC_ARC = YES;
				CLANG_WARN_EMPTY_BODY = YES;
				CLANG_WARN__DUPLICATE_METHOD_MATCH = YES;
				"CODE_SIGN_IDENTITY[sdk=iphoneos*]" = "iPhone Developer";
				COPY_PHASE_STRIP = YES;
				GCC_C_LANGUAGE_STANDARD = gnu99;
				GCC_WARN_ABOUT_RETURN_TYPE = YES;
				GCC_WARN_UNINITIALIZED_AUTOS = YES;
				GCC_WARN_UNUSED_VARIABLE = YES;
				IPHONEOS_DEPLOYMENT_TARGET = 6.0;
				OTHER_CFLAGS = "-DNS_BLOCK_ASSERTIONS=1";
				SDKROOT = iphoneos;
				TARGETED_DEVICE_FAMILY = "1,2";
				VALIDATE_PRODUCT = YES;
			};
			name = Release;
		};
		39E6532D16B74F7E00A5A37C /* Debug */ = {
			isa = XCBuildConfiguration;
			buildSettings = {
				GCC_PRECOMPILE_PREFIX_HEADER = YES;
				GCC_PREFIX_HEADER = "Fofoca/Fofoca-Prefix.pch";
				INFOPLIST_FILE = "Fofoca/Fofoca-Info.plist";
				LIBRARY_SEARCH_PATHS = (
					"$(inherited)",
					"\"$(SRCROOT)/Libraries/GoogleAdMobAdsSdkiOS-6.2.1\"",
					"\"$(SRCROOT)/Libraries/GoogleAnalyticsiOS-2.0b3\"",
				);
				PRODUCT_NAME = "$(TARGET_NAME)";
				TARGETED_DEVICE_FAMILY = 1;
				WRAPPER_EXTENSION = app;
			};
			name = Debug;
		};
		39E6532E16B74F7E00A5A37C /* Release */ = {
			isa = XCBuildConfiguration;
			buildSettings = {
				GCC_PRECOMPILE_PREFIX_HEADER = YES;
				GCC_PREFIX_HEADER = "Fofoca/Fofoca-Prefix.pch";
				INFOPLIST_FILE = "Fofoca/Fofoca-Info.plist";
				LIBRARY_SEARCH_PATHS = (
					"$(inherited)",
					"\"$(SRCROOT)/Libraries/GoogleAdMobAdsSdkiOS-6.2.1\"",
					"\"$(SRCROOT)/Libraries/GoogleAnalyticsiOS-2.0b3\"",
				);
				PRODUCT_NAME = "$(TARGET_NAME)";
				TARGETED_DEVICE_FAMILY = 1;
				WRAPPER_EXTENSION = app;
			};
			name = Release;
		};
/* End XCBuildConfiguration section */

/* Begin XCConfigurationList section */
		39E652F416B74F7D00A5A37C /* Build configuration list for PBXProject "Fofoca" */ = {
			isa = XCConfigurationList;
			buildConfigurations = (
				39E6532A16B74F7E00A5A37C /* Debug */,
				39E6532B16B74F7E00A5A37C /* Release */,
			);
			defaultConfigurationIsVisible = 0;
			defaultConfigurationName = Release;
		};
		39E6532C16B74F7E00A5A37C /* Build configuration list for PBXNativeTarget "Fofoca" */ = {
			isa = XCConfigurationList;
			buildConfigurations = (
				39E6532D16B74F7E00A5A37C /* Debug */,
				39E6532E16B74F7E00A5A37C /* Release */,
			);
			defaultConfigurationIsVisible = 0;
			defaultConfigurationName = Release;
		};
/* End XCConfigurationList section */
	};
	rootObject = 39E652F116B74F7D00A5A37C /* Project object */;
}
